// !$*UTF8*$!
{
	archiveVersion = 1;
	classes = {
	};
	objectVersion = 55;
	objects = {

/* Begin PBXBuildFile section */
		841BAE032810796B0033EF4C /* CoachInformationView.swift in Sources */ = {isa = PBXBuildFile; fileRef = 841BAE022810796B0033EF4C /* CoachInformationView.swift */; };
		841BAE042810796B0033EF4C /* CoachInformationView.swift in Sources */ = {isa = PBXBuildFile; fileRef = 841BAE022810796B0033EF4C /* CoachInformationView.swift */; };
		841BAE072810846B0033EF4C /* DatePickerTextField.swift in Sources */ = {isa = PBXBuildFile; fileRef = 841BAE062810846B0033EF4C /* DatePickerTextField.swift */; };
		841BAE09281084910033EF4C /* CustomButtons.swift in Sources */ = {isa = PBXBuildFile; fileRef = 841BAE08281084910033EF4C /* CustomButtons.swift */; };
		84359715280225F80013B61B /* Tests_iOS.swift in Sources */ = {isa = PBXBuildFile; fileRef = 84359714280225F80013B61B /* Tests_iOS.swift */; };
		84359717280225F80013B61B /* Tests_iOSLaunchTests.swift in Sources */ = {isa = PBXBuildFile; fileRef = 84359716280225F80013B61B /* Tests_iOSLaunchTests.swift */; };
		84359721280225F80013B61B /* Tests_macOS.swift in Sources */ = {isa = PBXBuildFile; fileRef = 84359720280225F80013B61B /* Tests_macOS.swift */; };
		84359723280225F80013B61B /* Tests_macOSLaunchTests.swift in Sources */ = {isa = PBXBuildFile; fileRef = 84359722280225F80013B61B /* Tests_macOSLaunchTests.swift */; };
		84359724280225F80013B61B /* CoachingBookApp.swift in Sources */ = {isa = PBXBuildFile; fileRef = 843596FC280225F40013B61B /* CoachingBookApp.swift */; };
		84359725280225F80013B61B /* CoachingBookApp.swift in Sources */ = {isa = PBXBuildFile; fileRef = 843596FC280225F40013B61B /* CoachingBookApp.swift */; };
		84359726280225F80013B61B /* ContentView.swift in Sources */ = {isa = PBXBuildFile; fileRef = 843596FD280225F40013B61B /* ContentView.swift */; };
		84359727280225F80013B61B /* ContentView.swift in Sources */ = {isa = PBXBuildFile; fileRef = 843596FD280225F40013B61B /* ContentView.swift */; };
		84359728280225F80013B61B /* Assets.xcassets in Resources */ = {isa = PBXBuildFile; fileRef = 843596FE280225F70013B61B /* Assets.xcassets */; };
		84359729280225F80013B61B /* Assets.xcassets in Resources */ = {isa = PBXBuildFile; fileRef = 843596FE280225F70013B61B /* Assets.xcassets */; };
		843597392802CFD20013B61B /* Localizable.strings in Resources */ = {isa = PBXBuildFile; fileRef = 843597382802CFD20013B61B /* Localizable.strings */; };
		8435973A2802CFD20013B61B /* Localizable.strings in Resources */ = {isa = PBXBuildFile; fileRef = 843597382802CFD20013B61B /* Localizable.strings */; };
		8435973C2802D0300013B61B /* LoginView.swift in Sources */ = {isa = PBXBuildFile; fileRef = 8435973B2802D0300013B61B /* LoginView.swift */; };
		8435973D2802D0300013B61B /* LoginView.swift in Sources */ = {isa = PBXBuildFile; fileRef = 8435973B2802D0300013B61B /* LoginView.swift */; };
		8435973F2802D6480013B61B /* Styles.swift in Sources */ = {isa = PBXBuildFile; fileRef = 8435973E2802D6480013B61B /* Styles.swift */; };
		843597402802D6480013B61B /* Styles.swift in Sources */ = {isa = PBXBuildFile; fileRef = 8435973E2802D6480013B61B /* Styles.swift */; };
		843597422802DFAA0013B61B /* CustomViews.swift in Sources */ = {isa = PBXBuildFile; fileRef = 843597412802DFAA0013B61B /* CustomViews.swift */; };
		84359747280363DD0013B61B /* CoachCard.swift in Sources */ = {isa = PBXBuildFile; fileRef = 84359746280363DD0013B61B /* CoachCard.swift */; };
		84359748280363DD0013B61B /* CoachCard.swift in Sources */ = {isa = PBXBuildFile; fileRef = 84359746280363DD0013B61B /* CoachCard.swift */; };
		8435974A280B32E90013B61B /* ProfileCoachView.swift in Sources */ = {isa = PBXBuildFile; fileRef = 84359749280B32E80013B61B /* ProfileCoachView.swift */; };
		8435974B280B32E90013B61B /* ProfileCoachView.swift in Sources */ = {isa = PBXBuildFile; fileRef = 84359749280B32E80013B61B /* ProfileCoachView.swift */; };
		8481AF04281E8D9200D59063 /* EntriesMatchView.swift in Sources */ = {isa = PBXBuildFile; fileRef = 8481AF03281E8D9200D59063 /* EntriesMatchView.swift */; };
		84845DF52811C7AC0014E4DA /* ExtensionsView.swift in Sources */ = {isa = PBXBuildFile; fileRef = 84845DF42811C7AC0014E4DA /* ExtensionsView.swift */; };
		84845DF62811C7AC0014E4DA /* ExtensionsView.swift in Sources */ = {isa = PBXBuildFile; fileRef = 84845DF42811C7AC0014E4DA /* ExtensionsView.swift */; };
		84845DF8281214650014E4DA /* RadioButtonView.swift in Sources */ = {isa = PBXBuildFile; fileRef = 84845DF7281214640014E4DA /* RadioButtonView.swift */; };
		84845DF9281214650014E4DA /* RadioButtonView.swift in Sources */ = {isa = PBXBuildFile; fileRef = 84845DF7281214640014E4DA /* RadioButtonView.swift */; };
		84845DFC2812EF0A0014E4DA /* MiniTrainingSessionCard.swift in Sources */ = {isa = PBXBuildFile; fileRef = 84845DFB2812EF090014E4DA /* MiniTrainingSessionCard.swift */; };
		84845DFD2812EF0A0014E4DA /* MiniTrainingSessionCard.swift in Sources */ = {isa = PBXBuildFile; fileRef = 84845DFB2812EF090014E4DA /* MiniTrainingSessionCard.swift */; };
		84845DFF2812F8C40014E4DA /* TrainingDashboardCard.swift in Sources */ = {isa = PBXBuildFile; fileRef = 84845DFE2812F8C40014E4DA /* TrainingDashboardCard.swift */; };
		84845E002812F8C40014E4DA /* TrainingDashboardCard.swift in Sources */ = {isa = PBXBuildFile; fileRef = 84845DFE2812F8C40014E4DA /* TrainingDashboardCard.swift */; };
		84845E022812FC460014E4DA /* TrainingData.swift in Sources */ = {isa = PBXBuildFile; fileRef = 84845E012812FC460014E4DA /* TrainingData.swift */; };
		84845E032812FC460014E4DA /* TrainingData.swift in Sources */ = {isa = PBXBuildFile; fileRef = 84845E012812FC460014E4DA /* TrainingData.swift */; };
		84845E052812FC720014E4DA /* TrainingModel.swift in Sources */ = {isa = PBXBuildFile; fileRef = 84845E042812FC720014E4DA /* TrainingModel.swift */; };
		84845E062812FC720014E4DA /* TrainingModel.swift in Sources */ = {isa = PBXBuildFile; fileRef = 84845E042812FC720014E4DA /* TrainingModel.swift */; };
		84845E0A28133B5D0014E4DA /* MatchModel.swift in Sources */ = {isa = PBXBuildFile; fileRef = 84845E0928133B5D0014E4DA /* MatchModel.swift */; };
		84845E0B28133B5D0014E4DA /* MatchModel.swift in Sources */ = {isa = PBXBuildFile; fileRef = 84845E0928133B5D0014E4DA /* MatchModel.swift */; };
		84845E0E28133C2E0014E4DA /* MatchData.swift in Sources */ = {isa = PBXBuildFile; fileRef = 84845E0D28133C2E0014E4DA /* MatchData.swift */; };
		84845E0F28133C2E0014E4DA /* MatchData.swift in Sources */ = {isa = PBXBuildFile; fileRef = 84845E0D28133C2E0014E4DA /* MatchData.swift */; };
		84845E1128133CA70014E4DA /* MatchDashboardCard.swift in Sources */ = {isa = PBXBuildFile; fileRef = 84845E1028133CA70014E4DA /* MatchDashboardCard.swift */; };
		84845E1228133CA70014E4DA /* MatchDashboardCard.swift in Sources */ = {isa = PBXBuildFile; fileRef = 84845E1028133CA70014E4DA /* MatchDashboardCard.swift */; };
		84845E1428133FF50014E4DA /* DashboardOnBoardingView.swift in Sources */ = {isa = PBXBuildFile; fileRef = 84845E1328133FF50014E4DA /* DashboardOnBoardingView.swift */; };
		84845E1528133FF50014E4DA /* DashboardOnBoardingView.swift in Sources */ = {isa = PBXBuildFile; fileRef = 84845E1328133FF50014E4DA /* DashboardOnBoardingView.swift */; };
		84845E172813472E0014E4DA /* TrainingPreparationView.swift in Sources */ = {isa = PBXBuildFile; fileRef = 84845E162813472D0014E4DA /* TrainingPreparationView.swift */; };
		84845E182813472E0014E4DA /* TrainingPreparationView.swift in Sources */ = {isa = PBXBuildFile; fileRef = 84845E162813472D0014E4DA /* TrainingPreparationView.swift */; };
		84845E1A281347E80014E4DA /* TrainingSessionHeaderCard.swift in Sources */ = {isa = PBXBuildFile; fileRef = 84845E19281347E80014E4DA /* TrainingSessionHeaderCard.swift */; };
		84845E1B281347E80014E4DA /* TrainingSessionHeaderCard.swift in Sources */ = {isa = PBXBuildFile; fileRef = 84845E19281347E80014E4DA /* TrainingSessionHeaderCard.swift */; };
		84845E1E28136A9F0014E4DA /* MiniMatchSessionCard.swift in Sources */ = {isa = PBXBuildFile; fileRef = 84845E1D28136A9F0014E4DA /* MiniMatchSessionCard.swift */; };
		84845E1F28136A9F0014E4DA /* MiniMatchSessionCard.swift in Sources */ = {isa = PBXBuildFile; fileRef = 84845E1D28136A9F0014E4DA /* MiniMatchSessionCard.swift */; };
		84845E242814004E0014E4DA /* ObjectsNeededView.swift in Sources */ = {isa = PBXBuildFile; fileRef = 84845E232814004E0014E4DA /* ObjectsNeededView.swift */; };
		84845E252814004F0014E4DA /* ObjectsNeededView.swift in Sources */ = {isa = PBXBuildFile; fileRef = 84845E232814004E0014E4DA /* ObjectsNeededView.swift */; };
		84845E272814033C0014E4DA /* ObjectCard.swift in Sources */ = {isa = PBXBuildFile; fileRef = 84845E262814033B0014E4DA /* ObjectCard.swift */; };
		84845E282814033C0014E4DA /* ObjectCard.swift in Sources */ = {isa = PBXBuildFile; fileRef = 84845E262814033B0014E4DA /* ObjectCard.swift */; };
		84845E2A2814039E0014E4DA /* ObjectsModel.swift in Sources */ = {isa = PBXBuildFile; fileRef = 84845E292814039E0014E4DA /* ObjectsModel.swift */; };
		84845E2B2814039E0014E4DA /* ObjectsModel.swift in Sources */ = {isa = PBXBuildFile; fileRef = 84845E292814039E0014E4DA /* ObjectsModel.swift */; };
		84845E2D2814186E0014E4DA /* CoachModel.swift in Sources */ = {isa = PBXBuildFile; fileRef = 84845E2C2814186D0014E4DA /* CoachModel.swift */; };
		84845E2E2814186E0014E4DA /* CoachModel.swift in Sources */ = {isa = PBXBuildFile; fileRef = 84845E2C2814186D0014E4DA /* CoachModel.swift */; };
		84845E3128159FB50014E4DA /* CancelTrainningView.swift in Sources */ = {isa = PBXBuildFile; fileRef = 84845E3028159FB50014E4DA /* CancelTrainningView.swift */; };
		84845E3228159FB50014E4DA /* CancelTrainningView.swift in Sources */ = {isa = PBXBuildFile; fileRef = 84845E3028159FB50014E4DA /* CancelTrainningView.swift */; };
		84AED8C22815B5DF00F98A7C /* PlayerModel.swift in Sources */ = {isa = PBXBuildFile; fileRef = 84AED8C12815B5DF00F98A7C /* PlayerModel.swift */; };
		84AED8C42815B64D00F98A7C /* PlayerData.swift in Sources */ = {isa = PBXBuildFile; fileRef = 84AED8C32815B64D00F98A7C /* PlayerData.swift */; };
		84AED8C62815BA7C00F98A7C /* AssistantPlayersView.swift in Sources */ = {isa = PBXBuildFile; fileRef = 84AED8C52815BA7C00F98A7C /* AssistantPlayersView.swift */; };
		84AED8C82818360500F98A7C /* CheckBoxView.swift in Sources */ = {isa = PBXBuildFile; fileRef = 84AED8C72818360500F98A7C /* CheckBoxView.swift */; };
		84AED8CA281846D500F98A7C /* NonAssistantPlayersView.swift in Sources */ = {isa = PBXBuildFile; fileRef = 84AED8C9281846D500F98A7C /* NonAssistantPlayersView.swift */; };
		84AED8CC281848A900F98A7C /* PlayerNonAssistingCard.swift in Sources */ = {isa = PBXBuildFile; fileRef = 84AED8CB281848A900F98A7C /* PlayerNonAssistingCard.swift */; };
		84AED8CE281892B200F98A7C /* ReasonForNonAttendanceView.swift in Sources */ = {isa = PBXBuildFile; fileRef = 84AED8CD281892B100F98A7C /* ReasonForNonAttendanceView.swift */; };
		84AED8D328199F5800F98A7C /* MatchPreparationView.swift in Sources */ = {isa = PBXBuildFile; fileRef = 84AED8D228199F5700F98A7C /* MatchPreparationView.swift */; };
		84AED8D628199FEF00F98A7C /* MatchSessionHeaderCard.swift in Sources */ = {isa = PBXBuildFile; fileRef = 84AED8D528199FEF00F98A7C /* MatchSessionHeaderCard.swift */; };
		84AED8D82819A08300F98A7C /* CancelMatchView.swift in Sources */ = {isa = PBXBuildFile; fileRef = 84AED8D72819A08300F98A7C /* CancelMatchView.swift */; };
/* End PBXBuildFile section */

/* Begin PBXContainerItemProxy section */
		84359711280225F80013B61B /* PBXContainerItemProxy */ = {
			isa = PBXContainerItemProxy;
			containerPortal = 843596F7280225F30013B61B /* Project object */;
			proxyType = 1;
			remoteGlobalIDString = 84359702280225F70013B61B;
			remoteInfo = "CoachingBook (iOS)";
		};
		8435971D280225F80013B61B /* PBXContainerItemProxy */ = {
			isa = PBXContainerItemProxy;
			containerPortal = 843596F7280225F30013B61B /* Project object */;
			proxyType = 1;
			remoteGlobalIDString = 84359708280225F80013B61B;
			remoteInfo = "CoachingBook (macOS)";
		};
/* End PBXContainerItemProxy section */

/* Begin PBXFileReference section */
		841BAE022810796B0033EF4C /* CoachInformationView.swift */ = {isa = PBXFileReference; lastKnownFileType = sourcecode.swift; path = CoachInformationView.swift; sourceTree = "<group>"; };
		841BAE062810846B0033EF4C /* DatePickerTextField.swift */ = {isa = PBXFileReference; lastKnownFileType = sourcecode.swift; path = DatePickerTextField.swift; sourceTree = "<group>"; };
		841BAE08281084910033EF4C /* CustomButtons.swift */ = {isa = PBXFileReference; lastKnownFileType = sourcecode.swift; path = CustomButtons.swift; sourceTree = "<group>"; };
		843596FC280225F40013B61B /* CoachingBookApp.swift */ = {isa = PBXFileReference; lastKnownFileType = sourcecode.swift; path = CoachingBookApp.swift; sourceTree = "<group>"; };
		843596FD280225F40013B61B /* ContentView.swift */ = {isa = PBXFileReference; lastKnownFileType = sourcecode.swift; path = ContentView.swift; sourceTree = "<group>"; };
		843596FE280225F70013B61B /* Assets.xcassets */ = {isa = PBXFileReference; lastKnownFileType = folder.assetcatalog; path = Assets.xcassets; sourceTree = "<group>"; };
		84359703280225F80013B61B /* CoachingBook.app */ = {isa = PBXFileReference; explicitFileType = wrapper.application; includeInIndex = 0; path = CoachingBook.app; sourceTree = BUILT_PRODUCTS_DIR; };
		84359709280225F80013B61B /* CoachingBook.app */ = {isa = PBXFileReference; explicitFileType = wrapper.application; includeInIndex = 0; path = CoachingBook.app; sourceTree = BUILT_PRODUCTS_DIR; };
		8435970B280225F80013B61B /* macOS.entitlements */ = {isa = PBXFileReference; lastKnownFileType = text.plist.entitlements; path = macOS.entitlements; sourceTree = "<group>"; };
		84359710280225F80013B61B /* Tests iOS.xctest */ = {isa = PBXFileReference; explicitFileType = wrapper.cfbundle; includeInIndex = 0; path = "Tests iOS.xctest"; sourceTree = BUILT_PRODUCTS_DIR; };
		84359714280225F80013B61B /* Tests_iOS.swift */ = {isa = PBXFileReference; lastKnownFileType = sourcecode.swift; path = Tests_iOS.swift; sourceTree = "<group>"; };
		84359716280225F80013B61B /* Tests_iOSLaunchTests.swift */ = {isa = PBXFileReference; lastKnownFileType = sourcecode.swift; path = Tests_iOSLaunchTests.swift; sourceTree = "<group>"; };
		8435971C280225F80013B61B /* Tests macOS.xctest */ = {isa = PBXFileReference; explicitFileType = wrapper.cfbundle; includeInIndex = 0; path = "Tests macOS.xctest"; sourceTree = BUILT_PRODUCTS_DIR; };
		84359720280225F80013B61B /* Tests_macOS.swift */ = {isa = PBXFileReference; lastKnownFileType = sourcecode.swift; path = Tests_macOS.swift; sourceTree = "<group>"; };
		84359722280225F80013B61B /* Tests_macOSLaunchTests.swift */ = {isa = PBXFileReference; lastKnownFileType = sourcecode.swift; path = Tests_macOSLaunchTests.swift; sourceTree = "<group>"; };
		843597382802CFD20013B61B /* Localizable.strings */ = {isa = PBXFileReference; lastKnownFileType = text.plist.strings; path = Localizable.strings; sourceTree = "<group>"; };
		8435973B2802D0300013B61B /* LoginView.swift */ = {isa = PBXFileReference; lastKnownFileType = sourcecode.swift; path = LoginView.swift; sourceTree = "<group>"; };
		8435973E2802D6480013B61B /* Styles.swift */ = {isa = PBXFileReference; lastKnownFileType = sourcecode.swift; path = Styles.swift; sourceTree = "<group>"; };
		843597412802DFAA0013B61B /* CustomViews.swift */ = {isa = PBXFileReference; lastKnownFileType = sourcecode.swift; path = CustomViews.swift; sourceTree = "<group>"; };
		84359746280363DD0013B61B /* CoachCard.swift */ = {isa = PBXFileReference; lastKnownFileType = sourcecode.swift; path = CoachCard.swift; sourceTree = "<group>"; };
		84359749280B32E80013B61B /* ProfileCoachView.swift */ = {isa = PBXFileReference; lastKnownFileType = sourcecode.swift; path = ProfileCoachView.swift; sourceTree = "<group>"; };
		8481AF03281E8D9200D59063 /* EntriesMatchView.swift */ = {isa = PBXFileReference; lastKnownFileType = sourcecode.swift; path = EntriesMatchView.swift; sourceTree = "<group>"; };
		84845DF42811C7AC0014E4DA /* ExtensionsView.swift */ = {isa = PBXFileReference; lastKnownFileType = sourcecode.swift; path = ExtensionsView.swift; sourceTree = "<group>"; };
		84845DF7281214640014E4DA /* RadioButtonView.swift */ = {isa = PBXFileReference; lastKnownFileType = sourcecode.swift; path = RadioButtonView.swift; sourceTree = "<group>"; };
		84845DFB2812EF090014E4DA /* MiniTrainingSessionCard.swift */ = {isa = PBXFileReference; lastKnownFileType = sourcecode.swift; path = MiniTrainingSessionCard.swift; sourceTree = "<group>"; };
		84845DFE2812F8C40014E4DA /* TrainingDashboardCard.swift */ = {isa = PBXFileReference; lastKnownFileType = sourcecode.swift; path = TrainingDashboardCard.swift; sourceTree = "<group>"; };
		84845E012812FC460014E4DA /* TrainingData.swift */ = {isa = PBXFileReference; lastKnownFileType = sourcecode.swift; path = TrainingData.swift; sourceTree = "<group>"; };
		84845E042812FC720014E4DA /* TrainingModel.swift */ = {isa = PBXFileReference; lastKnownFileType = sourcecode.swift; path = TrainingModel.swift; sourceTree = "<group>"; };
		84845E0928133B5D0014E4DA /* MatchModel.swift */ = {isa = PBXFileReference; lastKnownFileType = sourcecode.swift; path = MatchModel.swift; sourceTree = "<group>"; };
		84845E0D28133C2E0014E4DA /* MatchData.swift */ = {isa = PBXFileReference; lastKnownFileType = sourcecode.swift; path = MatchData.swift; sourceTree = "<group>"; };
		84845E1028133CA70014E4DA /* MatchDashboardCard.swift */ = {isa = PBXFileReference; lastKnownFileType = sourcecode.swift; path = MatchDashboardCard.swift; sourceTree = "<group>"; };
		84845E1328133FF50014E4DA /* DashboardOnBoardingView.swift */ = {isa = PBXFileReference; lastKnownFileType = sourcecode.swift; path = DashboardOnBoardingView.swift; sourceTree = "<group>"; };
		84845E162813472D0014E4DA /* TrainingPreparationView.swift */ = {isa = PBXFileReference; lastKnownFileType = sourcecode.swift; path = TrainingPreparationView.swift; sourceTree = "<group>"; };
		84845E19281347E80014E4DA /* TrainingSessionHeaderCard.swift */ = {isa = PBXFileReference; lastKnownFileType = sourcecode.swift; path = TrainingSessionHeaderCard.swift; sourceTree = "<group>"; };
		84845E1D28136A9F0014E4DA /* MiniMatchSessionCard.swift */ = {isa = PBXFileReference; lastKnownFileType = sourcecode.swift; path = MiniMatchSessionCard.swift; sourceTree = "<group>"; };
		84845E232814004E0014E4DA /* ObjectsNeededView.swift */ = {isa = PBXFileReference; lastKnownFileType = sourcecode.swift; path = ObjectsNeededView.swift; sourceTree = "<group>"; };
		84845E262814033B0014E4DA /* ObjectCard.swift */ = {isa = PBXFileReference; lastKnownFileType = sourcecode.swift; path = ObjectCard.swift; sourceTree = "<group>"; };
		84845E292814039E0014E4DA /* ObjectsModel.swift */ = {isa = PBXFileReference; lastKnownFileType = sourcecode.swift; path = ObjectsModel.swift; sourceTree = "<group>"; };
		84845E2C2814186D0014E4DA /* CoachModel.swift */ = {isa = PBXFileReference; lastKnownFileType = sourcecode.swift; path = CoachModel.swift; sourceTree = "<group>"; };
		84845E3028159FB50014E4DA /* CancelTrainningView.swift */ = {isa = PBXFileReference; lastKnownFileType = sourcecode.swift; path = CancelTrainningView.swift; sourceTree = "<group>"; };
		84AED8C12815B5DF00F98A7C /* PlayerModel.swift */ = {isa = PBXFileReference; lastKnownFileType = sourcecode.swift; path = PlayerModel.swift; sourceTree = "<group>"; };
		84AED8C32815B64D00F98A7C /* PlayerData.swift */ = {isa = PBXFileReference; lastKnownFileType = sourcecode.swift; path = PlayerData.swift; sourceTree = "<group>"; };
		84AED8C52815BA7C00F98A7C /* AssistantPlayersView.swift */ = {isa = PBXFileReference; lastKnownFileType = sourcecode.swift; path = AssistantPlayersView.swift; sourceTree = "<group>"; };
		84AED8C72818360500F98A7C /* CheckBoxView.swift */ = {isa = PBXFileReference; lastKnownFileType = sourcecode.swift; path = CheckBoxView.swift; sourceTree = "<group>"; };
		84AED8C9281846D500F98A7C /* NonAssistantPlayersView.swift */ = {isa = PBXFileReference; lastKnownFileType = sourcecode.swift; path = NonAssistantPlayersView.swift; sourceTree = "<group>"; };
		84AED8CB281848A900F98A7C /* PlayerNonAssistingCard.swift */ = {isa = PBXFileReference; lastKnownFileType = sourcecode.swift; path = PlayerNonAssistingCard.swift; sourceTree = "<group>"; };
		84AED8CD281892B100F98A7C /* ReasonForNonAttendanceView.swift */ = {isa = PBXFileReference; lastKnownFileType = sourcecode.swift; path = ReasonForNonAttendanceView.swift; sourceTree = "<group>"; };
		84AED8D228199F5700F98A7C /* MatchPreparationView.swift */ = {isa = PBXFileReference; lastKnownFileType = sourcecode.swift; path = MatchPreparationView.swift; sourceTree = "<group>"; };
		84AED8D528199FEF00F98A7C /* MatchSessionHeaderCard.swift */ = {isa = PBXFileReference; lastKnownFileType = sourcecode.swift; path = MatchSessionHeaderCard.swift; sourceTree = "<group>"; };
		84AED8D72819A08300F98A7C /* CancelMatchView.swift */ = {isa = PBXFileReference; lastKnownFileType = sourcecode.swift; path = CancelMatchView.swift; sourceTree = "<group>"; };
/* End PBXFileReference section */

/* Begin PBXFrameworksBuildPhase section */
		84359700280225F70013B61B /* Frameworks */ = {
			isa = PBXFrameworksBuildPhase;
			buildActionMask = 2147483647;
			files = (
			);
			runOnlyForDeploymentPostprocessing = 0;
		};
		84359706280225F80013B61B /* Frameworks */ = {
			isa = PBXFrameworksBuildPhase;
			buildActionMask = 2147483647;
			files = (
			);
			runOnlyForDeploymentPostprocessing = 0;
		};
		8435970D280225F80013B61B /* Frameworks */ = {
			isa = PBXFrameworksBuildPhase;
			buildActionMask = 2147483647;
			files = (
			);
			runOnlyForDeploymentPostprocessing = 0;
		};
		84359719280225F80013B61B /* Frameworks */ = {
			isa = PBXFrameworksBuildPhase;
			buildActionMask = 2147483647;
			files = (
			);
			runOnlyForDeploymentPostprocessing = 0;
		};
/* End PBXFrameworksBuildPhase section */

/* Begin PBXGroup section */
		841BAE05281084550033EF4C /* CustomViews */ = {
			isa = PBXGroup;
			children = (
				843597412802DFAA0013B61B /* CustomViews.swift */,
				841BAE08281084910033EF4C /* CustomButtons.swift */,
				84845DF7281214640014E4DA /* RadioButtonView.swift */,
				841BAE062810846B0033EF4C /* DatePickerTextField.swift */,
				84AED8C72818360500F98A7C /* CheckBoxView.swift */,
			);
			path = CustomViews;
			sourceTree = "<group>";
		};
		843596F6280225F30013B61B = {
			isa = PBXGroup;
			children = (
				843596FB280225F40013B61B /* Shared */,
				8435970A280225F80013B61B /* macOS */,
				84359713280225F80013B61B /* Tests iOS */,
				8435971F280225F80013B61B /* Tests macOS */,
				84359704280225F80013B61B /* Products */,
			);
			sourceTree = "<group>";
		};
		843596FB280225F40013B61B /* Shared */ = {
			isa = PBXGroup;
			children = (
				841BAE05281084550033EF4C /* CustomViews */,
				84359745280363C60013B61B /* Coach */,
				84359744280363B30013B61B /* Login */,
				843596FC280225F40013B61B /* CoachingBookApp.swift */,
				843596FD280225F40013B61B /* ContentView.swift */,
				843597382802CFD20013B61B /* Localizable.strings */,
				843596FE280225F70013B61B /* Assets.xcassets */,
				8435973E2802D6480013B61B /* Styles.swift */,
				84845DF42811C7AC0014E4DA /* ExtensionsView.swift */,
			);
			path = Shared;
			sourceTree = "<group>";
		};
		84359704280225F80013B61B /* Products */ = {
			isa = PBXGroup;
			children = (
				84359703280225F80013B61B /* CoachingBook.app */,
				84359709280225F80013B61B /* CoachingBook.app */,
				84359710280225F80013B61B /* Tests iOS.xctest */,
				8435971C280225F80013B61B /* Tests macOS.xctest */,
			);
			name = Products;
			sourceTree = "<group>";
		};
		8435970A280225F80013B61B /* macOS */ = {
			isa = PBXGroup;
			children = (
				8435970B280225F80013B61B /* macOS.entitlements */,
			);
			path = macOS;
			sourceTree = "<group>";
		};
		84359713280225F80013B61B /* Tests iOS */ = {
			isa = PBXGroup;
			children = (
				84359714280225F80013B61B /* Tests_iOS.swift */,
				84359716280225F80013B61B /* Tests_iOSLaunchTests.swift */,
			);
			path = "Tests iOS";
			sourceTree = "<group>";
		};
		8435971F280225F80013B61B /* Tests macOS */ = {
			isa = PBXGroup;
			children = (
				84359720280225F80013B61B /* Tests_macOS.swift */,
				84359722280225F80013B61B /* Tests_macOSLaunchTests.swift */,
			);
			path = "Tests macOS";
			sourceTree = "<group>";
		};
		84359744280363B30013B61B /* Login */ = {
			isa = PBXGroup;
			children = (
				8435973B2802D0300013B61B /* LoginView.swift */,
			);
			path = Login;
			sourceTree = "<group>";
		};
		84359745280363C60013B61B /* Coach */ = {
			isa = PBXGroup;
			children = (
				84359746280363DD0013B61B /* CoachCard.swift */,
				84845E2C2814186D0014E4DA /* CoachModel.swift */,
				84359749280B32E80013B61B /* ProfileCoachView.swift */,
				841BAE022810796B0033EF4C /* CoachInformationView.swift */,
				84845DFA2812EEA00014E4DA /* Dashboard */,
			);
			path = Coach;
			sourceTree = "<group>";
		};
		84845DFA2812EEA00014E4DA /* Dashboard */ = {
			isa = PBXGroup;
			children = (
				84845E1328133FF50014E4DA /* DashboardOnBoardingView.swift */,
				84845E0828133B2D0014E4DA /* Training */,
				84845E0C28133C100014E4DA /* Match */,
			);
			path = Dashboard;
			sourceTree = "<group>";
		};
		84845E0828133B2D0014E4DA /* Training */ = {
			isa = PBXGroup;
			children = (
				84845E042812FC720014E4DA /* TrainingModel.swift */,
				84845E012812FC460014E4DA /* TrainingData.swift */,
				84845DFB2812EF090014E4DA /* MiniTrainingSessionCard.swift */,
				84845DFE2812F8C40014E4DA /* TrainingDashboardCard.swift */,
				84845E1C281347F70014E4DA /* Preparation */,
			);
			path = Training;
			sourceTree = "<group>";
		};
		84845E0C28133C100014E4DA /* Match */ = {
			isa = PBXGroup;
			children = (
				84845E0928133B5D0014E4DA /* MatchModel.swift */,
				84845E0D28133C2E0014E4DA /* MatchData.swift */,
				84845E1D28136A9F0014E4DA /* MiniMatchSessionCard.swift */,
				84845E1028133CA70014E4DA /* MatchDashboardCard.swift */,
				84AED8D428199F7400F98A7C /* Preparation */,
			);
			path = Match;
			sourceTree = "<group>";
		};
		84845E1C281347F70014E4DA /* Preparation */ = {
			isa = PBXGroup;
			children = (
				84845E19281347E80014E4DA /* TrainingSessionHeaderCard.swift */,
				84845E162813472D0014E4DA /* TrainingPreparationView.swift */,
				84845E3028159FB50014E4DA /* CancelTrainningView.swift */,
				84845E2F28159F6D0014E4DA /* Object */,
				84AED8C02815B56500F98A7C /* Players */,
			);
			path = Preparation;
			sourceTree = "<group>";
		};
		84845E2F28159F6D0014E4DA /* Object */ = {
			isa = PBXGroup;
			children = (
				84845E232814004E0014E4DA /* ObjectsNeededView.swift */,
				84845E262814033B0014E4DA /* ObjectCard.swift */,
				84845E292814039E0014E4DA /* ObjectsModel.swift */,
			);
			path = Object;
			sourceTree = "<group>";
		};
		84AED8C02815B56500F98A7C /* Players */ = {
			isa = PBXGroup;
			children = (
				84AED8C12815B5DF00F98A7C /* PlayerModel.swift */,
				84AED8C32815B64D00F98A7C /* PlayerData.swift */,
				84AED8C52815BA7C00F98A7C /* AssistantPlayersView.swift */,
				84AED8C9281846D500F98A7C /* NonAssistantPlayersView.swift */,
				84AED8CB281848A900F98A7C /* PlayerNonAssistingCard.swift */,
				84AED8CD281892B100F98A7C /* ReasonForNonAttendanceView.swift */,
			);
			path = Players;
			sourceTree = "<group>";
		};
		84AED8D428199F7400F98A7C /* Preparation */ = {
			isa = PBXGroup;
			children = (
				84AED8D528199FEF00F98A7C /* MatchSessionHeaderCard.swift */,
				84AED8D228199F5700F98A7C /* MatchPreparationView.swift */,
				8481AF03281E8D9200D59063 /* EntriesMatchView.swift */,
				84AED8D72819A08300F98A7C /* CancelMatchView.swift */,
			);
			path = Preparation;
			sourceTree = "<group>";
		};
/* End PBXGroup section */

/* Begin PBXNativeTarget section */
		84359702280225F70013B61B /* CoachingBook (iOS) */ = {
			isa = PBXNativeTarget;
			buildConfigurationList = 8435972C280225F80013B61B /* Build configuration list for PBXNativeTarget "CoachingBook (iOS)" */;
			buildPhases = (
				843596FF280225F70013B61B /* Sources */,
				84359700280225F70013B61B /* Frameworks */,
				84359701280225F70013B61B /* Resources */,
			);
			buildRules = (
			);
			dependencies = (
			);
			name = "CoachingBook (iOS)";
			productName = "CoachingBook (iOS)";
			productReference = 84359703280225F80013B61B /* CoachingBook.app */;
			productType = "com.apple.product-type.application";
		};
		84359708280225F80013B61B /* CoachingBook (macOS) */ = {
			isa = PBXNativeTarget;
			buildConfigurationList = 8435972F280225F80013B61B /* Build configuration list for PBXNativeTarget "CoachingBook (macOS)" */;
			buildPhases = (
				84359705280225F80013B61B /* Sources */,
				84359706280225F80013B61B /* Frameworks */,
				84359707280225F80013B61B /* Resources */,
			);
			buildRules = (
			);
			dependencies = (
			);
			name = "CoachingBook (macOS)";
			productName = "CoachingBook (macOS)";
			productReference = 84359709280225F80013B61B /* CoachingBook.app */;
			productType = "com.apple.product-type.application";
		};
		8435970F280225F80013B61B /* Tests iOS */ = {
			isa = PBXNativeTarget;
			buildConfigurationList = 84359732280225F80013B61B /* Build configuration list for PBXNativeTarget "Tests iOS" */;
			buildPhases = (
				8435970C280225F80013B61B /* Sources */,
				8435970D280225F80013B61B /* Frameworks */,
				8435970E280225F80013B61B /* Resources */,
			);
			buildRules = (
			);
			dependencies = (
				84359712280225F80013B61B /* PBXTargetDependency */,
			);
			name = "Tests iOS";
			productName = "Tests iOS";
			productReference = 84359710280225F80013B61B /* Tests iOS.xctest */;
			productType = "com.apple.product-type.bundle.ui-testing";
		};
		8435971B280225F80013B61B /* Tests macOS */ = {
			isa = PBXNativeTarget;
			buildConfigurationList = 84359735280225F80013B61B /* Build configuration list for PBXNativeTarget "Tests macOS" */;
			buildPhases = (
				84359718280225F80013B61B /* Sources */,
				84359719280225F80013B61B /* Frameworks */,
				8435971A280225F80013B61B /* Resources */,
			);
			buildRules = (
			);
			dependencies = (
				8435971E280225F80013B61B /* PBXTargetDependency */,
			);
			name = "Tests macOS";
			productName = "Tests macOS";
			productReference = 8435971C280225F80013B61B /* Tests macOS.xctest */;
			productType = "com.apple.product-type.bundle.ui-testing";
		};
/* End PBXNativeTarget section */

/* Begin PBXProject section */
		843596F7280225F30013B61B /* Project object */ = {
			isa = PBXProject;
			attributes = {
				BuildIndependentTargetsInParallel = 1;
				LastSwiftUpdateCheck = 1320;
				LastUpgradeCheck = 1320;
				TargetAttributes = {
					84359702280225F70013B61B = {
						CreatedOnToolsVersion = 13.2.1;
					};
					84359708280225F80013B61B = {
						CreatedOnToolsVersion = 13.2.1;
					};
					8435970F280225F80013B61B = {
						CreatedOnToolsVersion = 13.2.1;
						TestTargetID = 84359702280225F70013B61B;
					};
					8435971B280225F80013B61B = {
						CreatedOnToolsVersion = 13.2.1;
						TestTargetID = 84359708280225F80013B61B;
					};
				};
			};
			buildConfigurationList = 843596FA280225F30013B61B /* Build configuration list for PBXProject "CoachingBook" */;
			compatibilityVersion = "Xcode 13.0";
			developmentRegion = en;
			hasScannedForEncodings = 0;
			knownRegions = (
				en,
				Base,
			);
			mainGroup = 843596F6280225F30013B61B;
			productRefGroup = 84359704280225F80013B61B /* Products */;
			projectDirPath = "";
			projectRoot = "";
			targets = (
				84359702280225F70013B61B /* CoachingBook (iOS) */,
				84359708280225F80013B61B /* CoachingBook (macOS) */,
				8435970F280225F80013B61B /* Tests iOS */,
				8435971B280225F80013B61B /* Tests macOS */,
			);
		};
/* End PBXProject section */

/* Begin PBXResourcesBuildPhase section */
		84359701280225F70013B61B /* Resources */ = {
			isa = PBXResourcesBuildPhase;
			buildActionMask = 2147483647;
			files = (
				84359728280225F80013B61B /* Assets.xcassets in Resources */,
				843597392802CFD20013B61B /* Localizable.strings in Resources */,
			);
			runOnlyForDeploymentPostprocessing = 0;
		};
		84359707280225F80013B61B /* Resources */ = {
			isa = PBXResourcesBuildPhase;
			buildActionMask = 2147483647;
			files = (
				84359729280225F80013B61B /* Assets.xcassets in Resources */,
				8435973A2802CFD20013B61B /* Localizable.strings in Resources */,
			);
			runOnlyForDeploymentPostprocessing = 0;
		};
		8435970E280225F80013B61B /* Resources */ = {
			isa = PBXResourcesBuildPhase;
			buildActionMask = 2147483647;
			files = (
			);
			runOnlyForDeploymentPostprocessing = 0;
		};
		8435971A280225F80013B61B /* Resources */ = {
			isa = PBXResourcesBuildPhase;
			buildActionMask = 2147483647;
			files = (
			);
			runOnlyForDeploymentPostprocessing = 0;
		};
/* End PBXResourcesBuildPhase section */

/* Begin PBXSourcesBuildPhase section */
		843596FF280225F70013B61B /* Sources */ = {
			isa = PBXSourcesBuildPhase;
			buildActionMask = 2147483647;
			files = (
				84845E2D2814186E0014E4DA /* CoachModel.swift in Sources */,
				84AED8C62815BA7C00F98A7C /* AssistantPlayersView.swift in Sources */,
				84359747280363DD0013B61B /* CoachCard.swift in Sources */,
				84845DF52811C7AC0014E4DA /* ExtensionsView.swift in Sources */,
				84845E2A2814039E0014E4DA /* ObjectsModel.swift in Sources */,
				84359726280225F80013B61B /* ContentView.swift in Sources */,
				84AED8D328199F5800F98A7C /* MatchPreparationView.swift in Sources */,
				84845E0E28133C2E0014E4DA /* MatchData.swift in Sources */,
				84AED8C42815B64D00F98A7C /* PlayerData.swift in Sources */,
				84845E242814004E0014E4DA /* ObjectsNeededView.swift in Sources */,
				84359724280225F80013B61B /* CoachingBookApp.swift in Sources */,
				841BAE032810796B0033EF4C /* CoachInformationView.swift in Sources */,
				84AED8D82819A08300F98A7C /* CancelMatchView.swift in Sources */,
				84845E1428133FF50014E4DA /* DashboardOnBoardingView.swift in Sources */,
				84845E172813472E0014E4DA /* TrainingPreparationView.swift in Sources */,
				84845E272814033C0014E4DA /* ObjectCard.swift in Sources */,
				841BAE09281084910033EF4C /* CustomButtons.swift in Sources */,
				84AED8C82818360500F98A7C /* CheckBoxView.swift in Sources */,
				84845E1128133CA70014E4DA /* MatchDashboardCard.swift in Sources */,
				84AED8CE281892B200F98A7C /* ReasonForNonAttendanceView.swift in Sources */,
				84845DF8281214650014E4DA /* RadioButtonView.swift in Sources */,
				84845E1E28136A9F0014E4DA /* MiniMatchSessionCard.swift in Sources */,
				84845DFC2812EF0A0014E4DA /* MiniTrainingSessionCard.swift in Sources */,
				8481AF04281E8D9200D59063 /* EntriesMatchView.swift in Sources */,
				84845E0A28133B5D0014E4DA /* MatchModel.swift in Sources */,
				84845DFF2812F8C40014E4DA /* TrainingDashboardCard.swift in Sources */,
				84AED8CC281848A900F98A7C /* PlayerNonAssistingCard.swift in Sources */,
				84845E022812FC460014E4DA /* TrainingData.swift in Sources */,
				843597422802DFAA0013B61B /* CustomViews.swift in Sources */,
				84845E052812FC720014E4DA /* TrainingModel.swift in Sources */,
				841BAE072810846B0033EF4C /* DatePickerTextField.swift in Sources */,
				84AED8C22815B5DF00F98A7C /* PlayerModel.swift in Sources */,
				84AED8CA281846D500F98A7C /* NonAssistantPlayersView.swift in Sources */,
				84845E3128159FB50014E4DA /* CancelTrainningView.swift in Sources */,
				8435973C2802D0300013B61B /* LoginView.swift in Sources */,
				8435974A280B32E90013B61B /* ProfileCoachView.swift in Sources */,
				84AED8D628199FEF00F98A7C /* MatchSessionHeaderCard.swift in Sources */,
				8435973F2802D6480013B61B /* Styles.swift in Sources */,
				84845E1A281347E80014E4DA /* TrainingSessionHeaderCard.swift in Sources */,
			);
			runOnlyForDeploymentPostprocessing = 0;
		};
		84359705280225F80013B61B /* Sources */ = {
			isa = PBXSourcesBuildPhase;
			buildActionMask = 2147483647;
			files = (
				84359748280363DD0013B61B /* CoachCard.swift in Sources */,
				84359727280225F80013B61B /* ContentView.swift in Sources */,
				84845E1228133CA70014E4DA /* MatchDashboardCard.swift in Sources */,
				84845DF62811C7AC0014E4DA /* ExtensionsView.swift in Sources */,
				84845E2B2814039E0014E4DA /* ObjectsModel.swift in Sources */,
				84845E182813472E0014E4DA /* TrainingPreparationView.swift in Sources */,
				84845E032812FC460014E4DA /* TrainingData.swift in Sources */,
				84845E002812F8C40014E4DA /* TrainingDashboardCard.swift in Sources */,
				84845E1528133FF50014E4DA /* DashboardOnBoardingView.swift in Sources */,
				84845E062812FC720014E4DA /* TrainingModel.swift in Sources */,
				84845DF9281214650014E4DA /* RadioButtonView.swift in Sources */,
				84845E282814033C0014E4DA /* ObjectCard.swift in Sources */,
				84359725280225F80013B61B /* CoachingBookApp.swift in Sources */,
				84845DFD2812EF0A0014E4DA /* MiniTrainingSessionCard.swift in Sources */,
				84845E0F28133C2E0014E4DA /* MatchData.swift in Sources */,
				84845E1F28136A9F0014E4DA /* MiniMatchSessionCard.swift in Sources */,
				841BAE042810796B0033EF4C /* CoachInformationView.swift in Sources */,
				8435973D2802D0300013B61B /* LoginView.swift in Sources */,
				84845E2E2814186E0014E4DA /* CoachModel.swift in Sources */,
				84845E3228159FB50014E4DA /* CancelTrainningView.swift in Sources */,
				8435974B280B32E90013B61B /* ProfileCoachView.swift in Sources */,
				843597402802D6480013B61B /* Styles.swift in Sources */,
				84845E1B281347E80014E4DA /* TrainingSessionHeaderCard.swift in Sources */,
				84845E252814004F0014E4DA /* ObjectsNeededView.swift in Sources */,
				84845E0B28133B5D0014E4DA /* MatchModel.swift in Sources */,
			);
			runOnlyForDeploymentPostprocessing = 0;
		};
		8435970C280225F80013B61B /* Sources */ = {
			isa = PBXSourcesBuildPhase;
			buildActionMask = 2147483647;
			files = (
				84359717280225F80013B61B /* Tests_iOSLaunchTests.swift in Sources */,
				84359715280225F80013B61B /* Tests_iOS.swift in Sources */,
			);
			runOnlyForDeploymentPostprocessing = 0;
		};
		84359718280225F80013B61B /* Sources */ = {
			isa = PBXSourcesBuildPhase;
			buildActionMask = 2147483647;
			files = (
				84359723280225F80013B61B /* Tests_macOSLaunchTests.swift in Sources */,
				84359721280225F80013B61B /* Tests_macOS.swift in Sources */,
			);
			runOnlyForDeploymentPostprocessing = 0;
		};
/* End PBXSourcesBuildPhase section */

/* Begin PBXTargetDependency section */
		84359712280225F80013B61B /* PBXTargetDependency */ = {
			isa = PBXTargetDependency;
			target = 84359702280225F70013B61B /* CoachingBook (iOS) */;
			targetProxy = 84359711280225F80013B61B /* PBXContainerItemProxy */;
		};
		8435971E280225F80013B61B /* PBXTargetDependency */ = {
			isa = PBXTargetDependency;
			target = 84359708280225F80013B61B /* CoachingBook (macOS) */;
			targetProxy = 8435971D280225F80013B61B /* PBXContainerItemProxy */;
		};
/* End PBXTargetDependency section */

/* Begin XCBuildConfiguration section */
		8435972A280225F80013B61B /* Debug */ = {
			isa = XCBuildConfiguration;
			buildSettings = {
				ALWAYS_SEARCH_USER_PATHS = NO;
				CLANG_ANALYZER_NONNULL = YES;
				CLANG_ANALYZER_NUMBER_OBJECT_CONVERSION = YES_AGGRESSIVE;
				CLANG_CXX_LANGUAGE_STANDARD = "gnu++17";
				CLANG_CXX_LIBRARY = "libc++";
				CLANG_ENABLE_MODULES = YES;
				CLANG_ENABLE_OBJC_ARC = YES;
				CLANG_ENABLE_OBJC_WEAK = YES;
				CLANG_WARN_BLOCK_CAPTURE_AUTORELEASING = YES;
				CLANG_WARN_BOOL_CONVERSION = YES;
				CLANG_WARN_COMMA = YES;
				CLANG_WARN_CONSTANT_CONVERSION = YES;
				CLANG_WARN_DEPRECATED_OBJC_IMPLEMENTATIONS = YES;
				CLANG_WARN_DIRECT_OBJC_ISA_USAGE = YES_ERROR;
				CLANG_WARN_DOCUMENTATION_COMMENTS = YES;
				CLANG_WARN_EMPTY_BODY = YES;
				CLANG_WARN_ENUM_CONVERSION = YES;
				CLANG_WARN_INFINITE_RECURSION = YES;
				CLANG_WARN_INT_CONVERSION = YES;
				CLANG_WARN_NON_LITERAL_NULL_CONVERSION = YES;
				CLANG_WARN_OBJC_IMPLICIT_RETAIN_SELF = YES;
				CLANG_WARN_OBJC_LITERAL_CONVERSION = YES;
				CLANG_WARN_OBJC_ROOT_CLASS = YES_ERROR;
				CLANG_WARN_QUOTED_INCLUDE_IN_FRAMEWORK_HEADER = YES;
				CLANG_WARN_RANGE_LOOP_ANALYSIS = YES;
				CLANG_WARN_STRICT_PROTOTYPES = YES;
				CLANG_WARN_SUSPICIOUS_MOVE = YES;
				CLANG_WARN_UNGUARDED_AVAILABILITY = YES_AGGRESSIVE;
				CLANG_WARN_UNREACHABLE_CODE = YES;
				CLANG_WARN__DUPLICATE_METHOD_MATCH = YES;
				COPY_PHASE_STRIP = NO;
				DEBUG_INFORMATION_FORMAT = dwarf;
				ENABLE_STRICT_OBJC_MSGSEND = YES;
				ENABLE_TESTABILITY = YES;
				GCC_C_LANGUAGE_STANDARD = gnu11;
				GCC_DYNAMIC_NO_PIC = NO;
				GCC_NO_COMMON_BLOCKS = YES;
				GCC_OPTIMIZATION_LEVEL = 0;
				GCC_PREPROCESSOR_DEFINITIONS = (
					"DEBUG=1",
					"$(inherited)",
				);
				GCC_WARN_64_TO_32_BIT_CONVERSION = YES;
				GCC_WARN_ABOUT_RETURN_TYPE = YES_ERROR;
				GCC_WARN_UNDECLARED_SELECTOR = YES;
				GCC_WARN_UNINITIALIZED_AUTOS = YES_AGGRESSIVE;
				GCC_WARN_UNUSED_FUNCTION = YES;
				GCC_WARN_UNUSED_VARIABLE = YES;
				MTL_ENABLE_DEBUG_INFO = INCLUDE_SOURCE;
				MTL_FAST_MATH = YES;
				ONLY_ACTIVE_ARCH = YES;
				SWIFT_ACTIVE_COMPILATION_CONDITIONS = DEBUG;
				SWIFT_OPTIMIZATION_LEVEL = "-Onone";
			};
			name = Debug;
		};
		8435972B280225F80013B61B /* Release */ = {
			isa = XCBuildConfiguration;
			buildSettings = {
				ALWAYS_SEARCH_USER_PATHS = NO;
				CLANG_ANALYZER_NONNULL = YES;
				CLANG_ANALYZER_NUMBER_OBJECT_CONVERSION = YES_AGGRESSIVE;
				CLANG_CXX_LANGUAGE_STANDARD = "gnu++17";
				CLANG_CXX_LIBRARY = "libc++";
				CLANG_ENABLE_MODULES = YES;
				CLANG_ENABLE_OBJC_ARC = YES;
				CLANG_ENABLE_OBJC_WEAK = YES;
				CLANG_WARN_BLOCK_CAPTURE_AUTORELEASING = YES;
				CLANG_WARN_BOOL_CONVERSION = YES;
				CLANG_WARN_COMMA = YES;
				CLANG_WARN_CONSTANT_CONVERSION = YES;
				CLANG_WARN_DEPRECATED_OBJC_IMPLEMENTATIONS = YES;
				CLANG_WARN_DIRECT_OBJC_ISA_USAGE = YES_ERROR;
				CLANG_WARN_DOCUMENTATION_COMMENTS = YES;
				CLANG_WARN_EMPTY_BODY = YES;
				CLANG_WARN_ENUM_CONVERSION = YES;
				CLANG_WARN_INFINITE_RECURSION = YES;
				CLANG_WARN_INT_CONVERSION = YES;
				CLANG_WARN_NON_LITERAL_NULL_CONVERSION = YES;
				CLANG_WARN_OBJC_IMPLICIT_RETAIN_SELF = YES;
				CLANG_WARN_OBJC_LITERAL_CONVERSION = YES;
				CLANG_WARN_OBJC_ROOT_CLASS = YES_ERROR;
				CLANG_WARN_QUOTED_INCLUDE_IN_FRAMEWORK_HEADER = YES;
				CLANG_WARN_RANGE_LOOP_ANALYSIS = YES;
				CLANG_WARN_STRICT_PROTOTYPES = YES;
				CLANG_WARN_SUSPICIOUS_MOVE = YES;
				CLANG_WARN_UNGUARDED_AVAILABILITY = YES_AGGRESSIVE;
				CLANG_WARN_UNREACHABLE_CODE = YES;
				CLANG_WARN__DUPLICATE_METHOD_MATCH = YES;
				COPY_PHASE_STRIP = NO;
				DEBUG_INFORMATION_FORMAT = "dwarf-with-dsym";
				ENABLE_NS_ASSERTIONS = NO;
				ENABLE_STRICT_OBJC_MSGSEND = YES;
				GCC_C_LANGUAGE_STANDARD = gnu11;
				GCC_NO_COMMON_BLOCKS = YES;
				GCC_WARN_64_TO_32_BIT_CONVERSION = YES;
				GCC_WARN_ABOUT_RETURN_TYPE = YES_ERROR;
				GCC_WARN_UNDECLARED_SELECTOR = YES;
				GCC_WARN_UNINITIALIZED_AUTOS = YES_AGGRESSIVE;
				GCC_WARN_UNUSED_FUNCTION = YES;
				GCC_WARN_UNUSED_VARIABLE = YES;
				MTL_ENABLE_DEBUG_INFO = NO;
				MTL_FAST_MATH = YES;
				SWIFT_COMPILATION_MODE = wholemodule;
				SWIFT_OPTIMIZATION_LEVEL = "-O";
			};
			name = Release;
		};
		8435972D280225F80013B61B /* Debug */ = {
			isa = XCBuildConfiguration;
			buildSettings = {
				ASSETCATALOG_COMPILER_APPICON_NAME = AppIcon;
				ASSETCATALOG_COMPILER_GLOBAL_ACCENT_COLOR_NAME = AccentColor;
				CODE_SIGN_STYLE = Automatic;
				CURRENT_PROJECT_VERSION = 1;
				ENABLE_PREVIEWS = YES;
				GENERATE_INFOPLIST_FILE = YES;
				INFOPLIST_KEY_UIApplicationSceneManifest_Generation = YES;
				INFOPLIST_KEY_UIApplicationSupportsIndirectInputEvents = YES;
				INFOPLIST_KEY_UILaunchScreen_Generation = YES;
				INFOPLIST_KEY_UISupportedInterfaceOrientations_iPad = "UIInterfaceOrientationPortrait UIInterfaceOrientationPortraitUpsideDown UIInterfaceOrientationLandscapeLeft UIInterfaceOrientationLandscapeRight";
				INFOPLIST_KEY_UISupportedInterfaceOrientations_iPhone = "UIInterfaceOrientationPortrait UIInterfaceOrientationLandscapeLeft UIInterfaceOrientationLandscapeRight";
				IPHONEOS_DEPLOYMENT_TARGET = 15.2;
				LD_RUNPATH_SEARCH_PATHS = (
					"$(inherited)",
					"@executable_path/Frameworks",
				);
				MARKETING_VERSION = 1.0;
				PRODUCT_BUNDLE_IDENTIFIER = TFG.CoachingBook;
				PRODUCT_NAME = CoachingBook;
				SDKROOT = iphoneos;
				SWIFT_EMIT_LOC_STRINGS = YES;
				SWIFT_VERSION = 5.0;
				TARGETED_DEVICE_FAMILY = "1,2";
			};
			name = Debug;
		};
		8435972E280225F80013B61B /* Release */ = {
			isa = XCBuildConfiguration;
			buildSettings = {
				ASSETCATALOG_COMPILER_APPICON_NAME = AppIcon;
				ASSETCATALOG_COMPILER_GLOBAL_ACCENT_COLOR_NAME = AccentColor;
				CODE_SIGN_STYLE = Automatic;
				CURRENT_PROJECT_VERSION = 1;
				ENABLE_PREVIEWS = YES;
				GENERATE_INFOPLIST_FILE = YES;
				INFOPLIST_KEY_UIApplicationSceneManifest_Generation = YES;
				INFOPLIST_KEY_UIApplicationSupportsIndirectInputEvents = YES;
				INFOPLIST_KEY_UILaunchScreen_Generation = YES;
				INFOPLIST_KEY_UISupportedInterfaceOrientations_iPad = "UIInterfaceOrientationPortrait UIInterfaceOrientationPortraitUpsideDown UIInterfaceOrientationLandscapeLeft UIInterfaceOrientationLandscapeRight";
				INFOPLIST_KEY_UISupportedInterfaceOrientations_iPhone = "UIInterfaceOrientationPortrait UIInterfaceOrientationLandscapeLeft UIInterfaceOrientationLandscapeRight";
				IPHONEOS_DEPLOYMENT_TARGET = 15.2;
				LD_RUNPATH_SEARCH_PATHS = (
					"$(inherited)",
					"@executable_path/Frameworks",
				);
				MARKETING_VERSION = 1.0;
				PRODUCT_BUNDLE_IDENTIFIER = TFG.CoachingBook;
				PRODUCT_NAME = CoachingBook;
				SDKROOT = iphoneos;
				SWIFT_EMIT_LOC_STRINGS = YES;
				SWIFT_VERSION = 5.0;
				TARGETED_DEVICE_FAMILY = "1,2";
				VALIDATE_PRODUCT = YES;
			};
			name = Release;
		};
		84359730280225F80013B61B /* Debug */ = {
			isa = XCBuildConfiguration;
			buildSettings = {
				ASSETCATALOG_COMPILER_APPICON_NAME = AppIcon;
				ASSETCATALOG_COMPILER_GLOBAL_ACCENT_COLOR_NAME = AccentColor;
				CODE_SIGN_ENTITLEMENTS = macOS/macOS.entitlements;
				CODE_SIGN_STYLE = Automatic;
				COMBINE_HIDPI_IMAGES = YES;
				CURRENT_PROJECT_VERSION = 1;
				ENABLE_PREVIEWS = YES;
				GENERATE_INFOPLIST_FILE = YES;
				INFOPLIST_KEY_NSHumanReadableCopyright = "";
				LD_RUNPATH_SEARCH_PATHS = (
					"$(inherited)",
					"@executable_path/../Frameworks",
				);
				MACOSX_DEPLOYMENT_TARGET = 11.6;
				MARKETING_VERSION = 1.0;
				PRODUCT_BUNDLE_IDENTIFIER = TFG.CoachingBook;
				PRODUCT_NAME = CoachingBook;
				SDKROOT = macosx;
				SWIFT_EMIT_LOC_STRINGS = YES;
				SWIFT_VERSION = 5.0;
			};
			name = Debug;
		};
		84359731280225F80013B61B /* Release */ = {
			isa = XCBuildConfiguration;
			buildSettings = {
				ASSETCATALOG_COMPILER_APPICON_NAME = AppIcon;
				ASSETCATALOG_COMPILER_GLOBAL_ACCENT_COLOR_NAME = AccentColor;
				CODE_SIGN_ENTITLEMENTS = macOS/macOS.entitlements;
				CODE_SIGN_STYLE = Automatic;
				COMBINE_HIDPI_IMAGES = YES;
				CURRENT_PROJECT_VERSION = 1;
				ENABLE_PREVIEWS = YES;
				GENERATE_INFOPLIST_FILE = YES;
				INFOPLIST_KEY_NSHumanReadableCopyright = "";
				LD_RUNPATH_SEARCH_PATHS = (
					"$(inherited)",
					"@executable_path/../Frameworks",
				);
				MACOSX_DEPLOYMENT_TARGET = 11.6;
				MARKETING_VERSION = 1.0;
				PRODUCT_BUNDLE_IDENTIFIER = TFG.CoachingBook;
				PRODUCT_NAME = CoachingBook;
				SDKROOT = macosx;
				SWIFT_EMIT_LOC_STRINGS = YES;
				SWIFT_VERSION = 5.0;
			};
			name = Release;
		};
		84359733280225F80013B61B /* Debug */ = {
			isa = XCBuildConfiguration;
			buildSettings = {
				ALWAYS_EMBED_SWIFT_STANDARD_LIBRARIES = YES;
				CODE_SIGN_STYLE = Automatic;
				CURRENT_PROJECT_VERSION = 1;
				GENERATE_INFOPLIST_FILE = YES;
				IPHONEOS_DEPLOYMENT_TARGET = 15.2;
				MARKETING_VERSION = 1.0;
				PRODUCT_BUNDLE_IDENTIFIER = "TFG.Tests-iOS";
				PRODUCT_NAME = "$(TARGET_NAME)";
				SDKROOT = iphoneos;
				SWIFT_EMIT_LOC_STRINGS = NO;
				SWIFT_VERSION = 5.0;
				TARGETED_DEVICE_FAMILY = "1,2";
				TEST_TARGET_NAME = "CoachingBook (iOS)";
			};
			name = Debug;
		};
		84359734280225F80013B61B /* Release */ = {
			isa = XCBuildConfiguration;
			buildSettings = {
				ALWAYS_EMBED_SWIFT_STANDARD_LIBRARIES = YES;
				CODE_SIGN_STYLE = Automatic;
				CURRENT_PROJECT_VERSION = 1;
				GENERATE_INFOPLIST_FILE = YES;
				IPHONEOS_DEPLOYMENT_TARGET = 15.2;
				MARKETING_VERSION = 1.0;
				PRODUCT_BUNDLE_IDENTIFIER = "TFG.Tests-iOS";
				PRODUCT_NAME = "$(TARGET_NAME)";
				SDKROOT = iphoneos;
				SWIFT_EMIT_LOC_STRINGS = NO;
				SWIFT_VERSION = 5.0;
				TARGETED_DEVICE_FAMILY = "1,2";
				TEST_TARGET_NAME = "CoachingBook (iOS)";
				VALIDATE_PRODUCT = YES;
			};
			name = Release;
		};
		84359736280225F80013B61B /* Debug */ = {
			isa = XCBuildConfiguration;
			buildSettings = {
				ALWAYS_EMBED_SWIFT_STANDARD_LIBRARIES = YES;
				CODE_SIGN_STYLE = Automatic;
				CURRENT_PROJECT_VERSION = 1;
				GENERATE_INFOPLIST_FILE = YES;
				MACOSX_DEPLOYMENT_TARGET = 11.6;
				MARKETING_VERSION = 1.0;
				PRODUCT_BUNDLE_IDENTIFIER = "TFG.Tests-macOS";
				PRODUCT_NAME = "$(TARGET_NAME)";
				SDKROOT = macosx;
				SWIFT_EMIT_LOC_STRINGS = NO;
				SWIFT_VERSION = 5.0;
				TEST_TARGET_NAME = "CoachingBook (macOS)";
			};
			name = Debug;
		};
		84359737280225F80013B61B /* Release */ = {
			isa = XCBuildConfiguration;
			buildSettings = {
				ALWAYS_EMBED_SWIFT_STANDARD_LIBRARIES = YES;
				CODE_SIGN_STYLE = Automatic;
				CURRENT_PROJECT_VERSION = 1;
				GENERATE_INFOPLIST_FILE = YES;
				MACOSX_DEPLOYMENT_TARGET = 11.6;
				MARKETING_VERSION = 1.0;
				PRODUCT_BUNDLE_IDENTIFIER = "TFG.Tests-macOS";
				PRODUCT_NAME = "$(TARGET_NAME)";
				SDKROOT = macosx;
				SWIFT_EMIT_LOC_STRINGS = NO;
				SWIFT_VERSION = 5.0;
				TEST_TARGET_NAME = "CoachingBook (macOS)";
			};
			name = Release;
		};
/* End XCBuildConfiguration section */

/* Begin XCConfigurationList section */
		843596FA280225F30013B61B /* Build configuration list for PBXProject "CoachingBook" */ = {
			isa = XCConfigurationList;
			buildConfigurations = (
				8435972A280225F80013B61B /* Debug */,
				8435972B280225F80013B61B /* Release */,
			);
			defaultConfigurationIsVisible = 0;
			defaultConfigurationName = Release;
		};
		8435972C280225F80013B61B /* Build configuration list for PBXNativeTarget "CoachingBook (iOS)" */ = {
			isa = XCConfigurationList;
			buildConfigurations = (
				8435972D280225F80013B61B /* Debug */,
				8435972E280225F80013B61B /* Release */,
			);
			defaultConfigurationIsVisible = 0;
			defaultConfigurationName = Release;
		};
		8435972F280225F80013B61B /* Build configuration list for PBXNativeTarget "CoachingBook (macOS)" */ = {
			isa = XCConfigurationList;
			buildConfigurations = (
				84359730280225F80013B61B /* Debug */,
				84359731280225F80013B61B /* Release */,
			);
			defaultConfigurationIsVisible = 0;
			defaultConfigurationName = Release;
		};
		84359732280225F80013B61B /* Build configuration list for PBXNativeTarget "Tests iOS" */ = {
			isa = XCConfigurationList;
			buildConfigurations = (
				84359733280225F80013B61B /* Debug */,
				84359734280225F80013B61B /* Release */,
			);
			defaultConfigurationIsVisible = 0;
			defaultConfigurationName = Release;
		};
		84359735280225F80013B61B /* Build configuration list for PBXNativeTarget "Tests macOS" */ = {
			isa = XCConfigurationList;
			buildConfigurations = (
				84359736280225F80013B61B /* Debug */,
				84359737280225F80013B61B /* Release */,
			);
			defaultConfigurationIsVisible = 0;
			defaultConfigurationName = Release;
		};
/* End XCConfigurationList section */
	};
	rootObject = 843596F7280225F30013B61B /* Project object */;
}
