// !$*UTF8*$!
{
	archiveVersion = 1;
	classes = {
	};
	objectVersion = 55;
	objects = {

/* Begin PBXBuildFile section */
		84077EE2283D218B00611015 /* PrepareMatchCard.swift in Sources */ = {isa = PBXBuildFile; fileRef = 84077EE1283D218B00611015 /* PrepareMatchCard.swift */; };
		84077EE4283D23E400611015 /* GetAssitanceCard.swift in Sources */ = {isa = PBXBuildFile; fileRef = 84077EE3283D23E400611015 /* GetAssitanceCard.swift */; };
		8408328428294E9500DCE47E /* StatsBehaviourCard.swift in Sources */ = {isa = PBXBuildFile; fileRef = 8408328328294E9500DCE47E /* StatsBehaviourCard.swift */; };
		8408328628295A1C00DCE47E /* CircleFillViews.swift in Sources */ = {isa = PBXBuildFile; fileRef = 8408328528295A1C00DCE47E /* CircleFillViews.swift */; };
		8408328928296E6100DCE47E /* EventsListView.swift in Sources */ = {isa = PBXBuildFile; fileRef = 8408328828296E6100DCE47E /* EventsListView.swift */; };
		8408328B2829731300DCE47E /* EventPicker.swift in Sources */ = {isa = PBXBuildFile; fileRef = 8408328A2829731300DCE47E /* EventPicker.swift */; };
		8408328D2829738B00DCE47E /* SwitchEventView.swift in Sources */ = {isa = PBXBuildFile; fileRef = 8408328C2829738B00DCE47E /* SwitchEventView.swift */; };
		8408328F2829762B00DCE47E /* EventTrainingCard.swift in Sources */ = {isa = PBXBuildFile; fileRef = 8408328E2829762B00DCE47E /* EventTrainingCard.swift */; };
		8408329228297C1100DCE47E /* TrainingEventListView.swift in Sources */ = {isa = PBXBuildFile; fileRef = 8408329128297C1100DCE47E /* TrainingEventListView.swift */; };
		8408329428297F7200DCE47E /* EventMatchCard.swift in Sources */ = {isa = PBXBuildFile; fileRef = 8408329328297F7200DCE47E /* EventMatchCard.swift */; };
		840832962829819F00DCE47E /* MatchEventListView.swift in Sources */ = {isa = PBXBuildFile; fileRef = 840832952829819F00DCE47E /* MatchEventListView.swift */; };
		84083298282ADF0B00DCE47E /* AddPlayerView.swift in Sources */ = {isa = PBXBuildFile; fileRef = 84083297282ADF0B00DCE47E /* AddPlayerView.swift */; };
		8408329A282AE2EF00DCE47E /* ProfileAddPlayerView.swift in Sources */ = {isa = PBXBuildFile; fileRef = 84083299282AE2EF00DCE47E /* ProfileAddPlayerView.swift */; };
		840832A1282BEF2A00DCE47E /* TeamAddPlayerView.swift in Sources */ = {isa = PBXBuildFile; fileRef = 840832A0282BEF2A00DCE47E /* TeamAddPlayerView.swift */; };
		841BAE032810796B0033EF4C /* CoachInformationView.swift in Sources */ = {isa = PBXBuildFile; fileRef = 841BAE022810796B0033EF4C /* CoachInformationView.swift */; };
		841BAE042810796B0033EF4C /* CoachInformationView.swift in Sources */ = {isa = PBXBuildFile; fileRef = 841BAE022810796B0033EF4C /* CoachInformationView.swift */; };
		841BAE072810846B0033EF4C /* DatePickerTextField.swift in Sources */ = {isa = PBXBuildFile; fileRef = 841BAE062810846B0033EF4C /* DatePickerTextField.swift */; };
		841BAE09281084910033EF4C /* CustomButtons.swift in Sources */ = {isa = PBXBuildFile; fileRef = 841BAE08281084910033EF4C /* CustomButtons.swift */; };
		84359715280225F80013B61B /* Tests_iOS.swift in Sources */ = {isa = PBXBuildFile; fileRef = 84359714280225F80013B61B /* Tests_iOS.swift */; };
		84359717280225F80013B61B /* Tests_iOSLaunchTests.swift in Sources */ = {isa = PBXBuildFile; fileRef = 84359716280225F80013B61B /* Tests_iOSLaunchTests.swift */; };
		84359721280225F80013B61B /* Tests_macOS.swift in Sources */ = {isa = PBXBuildFile; fileRef = 84359720280225F80013B61B /* Tests_macOS.swift */; };
		84359723280225F80013B61B /* Tests_macOSLaunchTests.swift in Sources */ = {isa = PBXBuildFile; fileRef = 84359722280225F80013B61B /* Tests_macOSLaunchTests.swift */; };
		84359724280225F80013B61B /* CoachingBookApp.swift in Sources */ = {isa = PBXBuildFile; fileRef = 843596FC280225F40013B61B /* CoachingBookApp.swift */; };
		84359725280225F80013B61B /* CoachingBookApp.swift in Sources */ = {isa = PBXBuildFile; fileRef = 843596FC280225F40013B61B /* CoachingBookApp.swift */; };
		84359726280225F80013B61B /* ContentView.swift in Sources */ = {isa = PBXBuildFile; fileRef = 843596FD280225F40013B61B /* ContentView.swift */; };
		84359727280225F80013B61B /* ContentView.swift in Sources */ = {isa = PBXBuildFile; fileRef = 843596FD280225F40013B61B /* ContentView.swift */; };
		84359728280225F80013B61B /* Assets.xcassets in Resources */ = {isa = PBXBuildFile; fileRef = 843596FE280225F70013B61B /* Assets.xcassets */; };
		84359729280225F80013B61B /* Assets.xcassets in Resources */ = {isa = PBXBuildFile; fileRef = 843596FE280225F70013B61B /* Assets.xcassets */; };
		8435973C2802D0300013B61B /* LoginView.swift in Sources */ = {isa = PBXBuildFile; fileRef = 8435973B2802D0300013B61B /* LoginView.swift */; };
		8435973D2802D0300013B61B /* LoginView.swift in Sources */ = {isa = PBXBuildFile; fileRef = 8435973B2802D0300013B61B /* LoginView.swift */; };
		8435973F2802D6480013B61B /* Styles.swift in Sources */ = {isa = PBXBuildFile; fileRef = 8435973E2802D6480013B61B /* Styles.swift */; };
		843597402802D6480013B61B /* Styles.swift in Sources */ = {isa = PBXBuildFile; fileRef = 8435973E2802D6480013B61B /* Styles.swift */; };
		843597422802DFAA0013B61B /* CustomViews.swift in Sources */ = {isa = PBXBuildFile; fileRef = 843597412802DFAA0013B61B /* CustomViews.swift */; };
		84359747280363DD0013B61B /* CoachCard.swift in Sources */ = {isa = PBXBuildFile; fileRef = 84359746280363DD0013B61B /* CoachCard.swift */; };
		84359748280363DD0013B61B /* CoachCard.swift in Sources */ = {isa = PBXBuildFile; fileRef = 84359746280363DD0013B61B /* CoachCard.swift */; };
		8435974A280B32E90013B61B /* ProfileCoachView.swift in Sources */ = {isa = PBXBuildFile; fileRef = 84359749280B32E80013B61B /* ProfileCoachView.swift */; };
		8435974B280B32E90013B61B /* ProfileCoachView.swift in Sources */ = {isa = PBXBuildFile; fileRef = 84359749280B32E80013B61B /* ProfileCoachView.swift */; };
		84493C73283BE7D900B3EBF1 /* HomeView.swift in Sources */ = {isa = PBXBuildFile; fileRef = 84493C72283BE7D900B3EBF1 /* HomeView.swift */; };
		84493C76283BF42A00B3EBF1 /* PrepareTrainingCard.swift in Sources */ = {isa = PBXBuildFile; fileRef = 84493C75283BF42A00B3EBF1 /* PrepareTrainingCard.swift */; };
		844B6A1228217DEB003FE836 /* GeneralContactView.swift in Sources */ = {isa = PBXBuildFile; fileRef = 844B6A1128217DEB003FE836 /* GeneralContactView.swift */; };
		844B6A1428217E4E003FE836 /* SwitchContactView.swift in Sources */ = {isa = PBXBuildFile; fileRef = 844B6A1328217E4E003FE836 /* SwitchContactView.swift */; };
		844B6A16282180DE003FE836 /* CustomPickerContacts.swift in Sources */ = {isa = PBXBuildFile; fileRef = 844B6A15282180DE003FE836 /* CustomPickerContacts.swift */; };
		844B6A1A282188E3003FE836 /* ContactInformationView.swift in Sources */ = {isa = PBXBuildFile; fileRef = 844B6A19282188E3003FE836 /* ContactInformationView.swift */; };
		844B6A1C28218926003FE836 /* ContactCard.swift in Sources */ = {isa = PBXBuildFile; fileRef = 844B6A1B28218926003FE836 /* ContactCard.swift */; };
		8462B964283D29AA00AEF1B0 /* GetBehaviourCard.swift in Sources */ = {isa = PBXBuildFile; fileRef = 8462B963283D29AA00AEF1B0 /* GetBehaviourCard.swift */; };
		8462B968283D666300AEF1B0 /* PunctualityFeedbackCard.swift in Sources */ = {isa = PBXBuildFile; fileRef = 8462B967283D666300AEF1B0 /* PunctualityFeedbackCard.swift */; };
		8462B96A283D6AFC00AEF1B0 /* MiniCardsFeedback.swift in Sources */ = {isa = PBXBuildFile; fileRef = 8462B969283D6AFC00AEF1B0 /* MiniCardsFeedback.swift */; };
		8462B96C283D6BBD00AEF1B0 /* BehaviourFeedbackCard.swift in Sources */ = {isa = PBXBuildFile; fileRef = 8462B96B283D6BBD00AEF1B0 /* BehaviourFeedbackCard.swift */; };
		8462B96E283D6C5D00AEF1B0 /* AttitudeFeedbackCard.swift in Sources */ = {isa = PBXBuildFile; fileRef = 8462B96D283D6C5D00AEF1B0 /* AttitudeFeedbackCard.swift */; };
		8462B970283D6D8500AEF1B0 /* FeedbackView.swift in Sources */ = {isa = PBXBuildFile; fileRef = 8462B96F283D6D8500AEF1B0 /* FeedbackView.swift */; };
		8462B975283D7A0300AEF1B0 /* GivePunctualityView.swift in Sources */ = {isa = PBXBuildFile; fileRef = 8462B974283D7A0300AEF1B0 /* GivePunctualityView.swift */; };
		8462B979283E945600AEF1B0 /* GiveBehaviourView.swift in Sources */ = {isa = PBXBuildFile; fileRef = 8462B978283E945600AEF1B0 /* GiveBehaviourView.swift */; };
		8462B97B283FD4A000AEF1B0 /* GiveAttitudeView.swift in Sources */ = {isa = PBXBuildFile; fileRef = 8462B97A283FD49F00AEF1B0 /* GiveAttitudeView.swift */; };
		8462B97D28452E3300AEF1B0 /* CalendarView.swift in Sources */ = {isa = PBXBuildFile; fileRef = 8462B97C28452E3200AEF1B0 /* CalendarView.swift */; };
		8462B97F28452E8400AEF1B0 /* CustomCalendarPicker.swift in Sources */ = {isa = PBXBuildFile; fileRef = 8462B97E28452E8400AEF1B0 /* CustomCalendarPicker.swift */; };
		8462B9812845340900AEF1B0 /* DateValue.swift in Sources */ = {isa = PBXBuildFile; fileRef = 8462B9802845340900AEF1B0 /* DateValue.swift */; };
		8462B9832846237A00AEF1B0 /* ListEventsCalendarView.swift in Sources */ = {isa = PBXBuildFile; fileRef = 8462B9822846237900AEF1B0 /* ListEventsCalendarView.swift */; };
		8462B9852846244400AEF1B0 /* CustomDayCalendarView.swift in Sources */ = {isa = PBXBuildFile; fileRef = 8462B9842846244400AEF1B0 /* CustomDayCalendarView.swift */; };
		8462B9872846254300AEF1B0 /* CalendarHeaderView.swift in Sources */ = {isa = PBXBuildFile; fileRef = 8462B9862846254300AEF1B0 /* CalendarHeaderView.swift */; };
		84653885283BE2A700E4A6AA /* MiniCardTrainingHome.swift in Sources */ = {isa = PBXBuildFile; fileRef = 84653884283BE2A700E4A6AA /* MiniCardTrainingHome.swift */; };
		846F7337282EC5BF00FF3FB5 /* TypeOfFileCard.swift in Sources */ = {isa = PBXBuildFile; fileRef = 846F7336282EC5BF00FF3FB5 /* TypeOfFileCard.swift */; };
		846F7339282ECB0700FF3FB5 /* FilesModel.swift in Sources */ = {isa = PBXBuildFile; fileRef = 846F7338282ECB0700FF3FB5 /* FilesModel.swift */; };
		846F733B282ECC1800FF3FB5 /* FilesView.swift in Sources */ = {isa = PBXBuildFile; fileRef = 846F733A282ECC1800FF3FB5 /* FilesView.swift */; };
		846F733D282ECEF600FF3FB5 /* FileRowView.swift in Sources */ = {isa = PBXBuildFile; fileRef = 846F733C282ECEF600FF3FB5 /* FileRowView.swift */; };
		846F733F282ED06A00FF3FB5 /* ImagesListView.swift in Sources */ = {isa = PBXBuildFile; fileRef = 846F733E282ED06A00FF3FB5 /* ImagesListView.swift */; };
		846F7342282ED13400FF3FB5 /* DocumentsListView.swift in Sources */ = {isa = PBXBuildFile; fileRef = 846F7341282ED13400FF3FB5 /* DocumentsListView.swift */; };
		846F7344282ED1CB00FF3FB5 /* VideosListView.swift in Sources */ = {isa = PBXBuildFile; fileRef = 846F7343282ED1CB00FF3FB5 /* VideosListView.swift */; };
		846F7347282ED50800FF3FB5 /* SwitchFileView.swift in Sources */ = {isa = PBXBuildFile; fileRef = 846F7346282ED50800FF3FB5 /* SwitchFileView.swift */; };
		846F7349282ED59100FF3FB5 /* CustomPickerFile.swift in Sources */ = {isa = PBXBuildFile; fileRef = 846F7348282ED59100FF3FB5 /* CustomPickerFile.swift */; };
		846F734C282FC7D900FF3FB5 /* StatsTeamView.swift in Sources */ = {isa = PBXBuildFile; fileRef = 846F734B282FC7D800FF3FB5 /* StatsTeamView.swift */; };
		846F734E282FF36000FF3FB5 /* GeneralStatsTeamCard.swift in Sources */ = {isa = PBXBuildFile; fileRef = 846F734D282FF36000FF3FB5 /* GeneralStatsTeamCard.swift */; };
		846F735028311D2700FF3FB5 /* TotalRankingView.swift in Sources */ = {isa = PBXBuildFile; fileRef = 846F734F28311D2600FF3FB5 /* TotalRankingView.swift */; };
		846F735428353FB200FF3FB5 /* MatchInformationView.swift in Sources */ = {isa = PBXBuildFile; fileRef = 846F735328353FB200FF3FB5 /* MatchInformationView.swift */; };
		8481AF04281E8D9200D59063 /* EntriesMatchView.swift in Sources */ = {isa = PBXBuildFile; fileRef = 8481AF03281E8D9200D59063 /* EntriesMatchView.swift */; };
		8481AF07282046DF00D59063 /* ContactModel.swift in Sources */ = {isa = PBXBuildFile; fileRef = 8481AF06282046DE00D59063 /* ContactModel.swift */; };
		8481AF0B2820497600D59063 /* ContactsListView.swift in Sources */ = {isa = PBXBuildFile; fileRef = 8481AF0A2820497600D59063 /* ContactsListView.swift */; };
		8481AF0D28215CC900D59063 /* SearchBarView.swift in Sources */ = {isa = PBXBuildFile; fileRef = 8481AF0C28215CC900D59063 /* SearchBarView.swift */; };
		8481AF0F282179B300D59063 /* FavouritesContactsView.swift in Sources */ = {isa = PBXBuildFile; fileRef = 8481AF0E282179B200D59063 /* FavouritesContactsView.swift */; };
		84841A8A28280C0300B69495 /* PlayerTeamDetailView.swift in Sources */ = {isa = PBXBuildFile; fileRef = 84841A8928280C0200B69495 /* PlayerTeamDetailView.swift */; };
		84841A8C282811C000B69495 /* StatsModel.swift in Sources */ = {isa = PBXBuildFile; fileRef = 84841A8B282811C000B69495 /* StatsModel.swift */; };
		84841A8E282812CA00B69495 /* StatsPlayerEmptyView.swift in Sources */ = {isa = PBXBuildFile; fileRef = 84841A8D282812CA00B69495 /* StatsPlayerEmptyView.swift */; };
		84841A90282817BF00B69495 /* TeamInformationView.swift in Sources */ = {isa = PBXBuildFile; fileRef = 84841A8F282817BF00B69495 /* TeamInformationView.swift */; };
		84841A9328283DDD00B69495 /* StatsPlayerView.swift in Sources */ = {isa = PBXBuildFile; fileRef = 84841A9228283DDD00B69495 /* StatsPlayerView.swift */; };
		84841A952828406D00B69495 /* StatsAttendanceCard.swift in Sources */ = {isa = PBXBuildFile; fileRef = 84841A942828406D00B69495 /* StatsAttendanceCard.swift */; };
		84845DF52811C7AC0014E4DA /* ExtensionsView.swift in Sources */ = {isa = PBXBuildFile; fileRef = 84845DF42811C7AC0014E4DA /* ExtensionsView.swift */; };
		84845DF62811C7AC0014E4DA /* ExtensionsView.swift in Sources */ = {isa = PBXBuildFile; fileRef = 84845DF42811C7AC0014E4DA /* ExtensionsView.swift */; };
		84845DF8281214650014E4DA /* RadioButtonView.swift in Sources */ = {isa = PBXBuildFile; fileRef = 84845DF7281214640014E4DA /* RadioButtonView.swift */; };
		84845DF9281214650014E4DA /* RadioButtonView.swift in Sources */ = {isa = PBXBuildFile; fileRef = 84845DF7281214640014E4DA /* RadioButtonView.swift */; };
		84845DFC2812EF0A0014E4DA /* MiniTrainingSessionCard.swift in Sources */ = {isa = PBXBuildFile; fileRef = 84845DFB2812EF090014E4DA /* MiniTrainingSessionCard.swift */; };
		84845DFD2812EF0A0014E4DA /* MiniTrainingSessionCard.swift in Sources */ = {isa = PBXBuildFile; fileRef = 84845DFB2812EF090014E4DA /* MiniTrainingSessionCard.swift */; };
		84845DFF2812F8C40014E4DA /* TrainingDashboardCard.swift in Sources */ = {isa = PBXBuildFile; fileRef = 84845DFE2812F8C40014E4DA /* TrainingDashboardCard.swift */; };
		84845E002812F8C40014E4DA /* TrainingDashboardCard.swift in Sources */ = {isa = PBXBuildFile; fileRef = 84845DFE2812F8C40014E4DA /* TrainingDashboardCard.swift */; };
		84845E052812FC720014E4DA /* TrainingModel.swift in Sources */ = {isa = PBXBuildFile; fileRef = 84845E042812FC720014E4DA /* TrainingModel.swift */; };
		84845E062812FC720014E4DA /* TrainingModel.swift in Sources */ = {isa = PBXBuildFile; fileRef = 84845E042812FC720014E4DA /* TrainingModel.swift */; };
		84845E0A28133B5D0014E4DA /* MatchModel.swift in Sources */ = {isa = PBXBuildFile; fileRef = 84845E0928133B5D0014E4DA /* MatchModel.swift */; };
		84845E0B28133B5D0014E4DA /* MatchModel.swift in Sources */ = {isa = PBXBuildFile; fileRef = 84845E0928133B5D0014E4DA /* MatchModel.swift */; };
		84845E1128133CA70014E4DA /* MatchDashboardCard.swift in Sources */ = {isa = PBXBuildFile; fileRef = 84845E1028133CA70014E4DA /* MatchDashboardCard.swift */; };
		84845E1228133CA70014E4DA /* MatchDashboardCard.swift in Sources */ = {isa = PBXBuildFile; fileRef = 84845E1028133CA70014E4DA /* MatchDashboardCard.swift */; };
		84845E1428133FF50014E4DA /* DashboardOnBoardingView.swift in Sources */ = {isa = PBXBuildFile; fileRef = 84845E1328133FF50014E4DA /* DashboardOnBoardingView.swift */; };
		84845E1528133FF50014E4DA /* DashboardOnBoardingView.swift in Sources */ = {isa = PBXBuildFile; fileRef = 84845E1328133FF50014E4DA /* DashboardOnBoardingView.swift */; };
		84845E172813472E0014E4DA /* TrainingPreparationView.swift in Sources */ = {isa = PBXBuildFile; fileRef = 84845E162813472D0014E4DA /* TrainingPreparationView.swift */; };
		84845E182813472E0014E4DA /* TrainingPreparationView.swift in Sources */ = {isa = PBXBuildFile; fileRef = 84845E162813472D0014E4DA /* TrainingPreparationView.swift */; };
		84845E1A281347E80014E4DA /* TrainingSessionHeaderCard.swift in Sources */ = {isa = PBXBuildFile; fileRef = 84845E19281347E80014E4DA /* TrainingSessionHeaderCard.swift */; };
		84845E1B281347E80014E4DA /* TrainingSessionHeaderCard.swift in Sources */ = {isa = PBXBuildFile; fileRef = 84845E19281347E80014E4DA /* TrainingSessionHeaderCard.swift */; };
		84845E1E28136A9F0014E4DA /* MiniMatchSessionCard.swift in Sources */ = {isa = PBXBuildFile; fileRef = 84845E1D28136A9F0014E4DA /* MiniMatchSessionCard.swift */; };
		84845E1F28136A9F0014E4DA /* MiniMatchSessionCard.swift in Sources */ = {isa = PBXBuildFile; fileRef = 84845E1D28136A9F0014E4DA /* MiniMatchSessionCard.swift */; };
		84845E242814004E0014E4DA /* ObjectsNeededView.swift in Sources */ = {isa = PBXBuildFile; fileRef = 84845E232814004E0014E4DA /* ObjectsNeededView.swift */; };
		84845E252814004F0014E4DA /* ObjectsNeededView.swift in Sources */ = {isa = PBXBuildFile; fileRef = 84845E232814004E0014E4DA /* ObjectsNeededView.swift */; };
		84845E272814033C0014E4DA /* ObjectCard.swift in Sources */ = {isa = PBXBuildFile; fileRef = 84845E262814033B0014E4DA /* ObjectCard.swift */; };
		84845E282814033C0014E4DA /* ObjectCard.swift in Sources */ = {isa = PBXBuildFile; fileRef = 84845E262814033B0014E4DA /* ObjectCard.swift */; };
		84845E2A2814039E0014E4DA /* ObjectsModel.swift in Sources */ = {isa = PBXBuildFile; fileRef = 84845E292814039E0014E4DA /* ObjectsModel.swift */; };
		84845E2B2814039E0014E4DA /* ObjectsModel.swift in Sources */ = {isa = PBXBuildFile; fileRef = 84845E292814039E0014E4DA /* ObjectsModel.swift */; };
		84845E2D2814186E0014E4DA /* CoachModel.swift in Sources */ = {isa = PBXBuildFile; fileRef = 84845E2C2814186D0014E4DA /* CoachModel.swift */; };
		84845E2E2814186E0014E4DA /* CoachModel.swift in Sources */ = {isa = PBXBuildFile; fileRef = 84845E2C2814186D0014E4DA /* CoachModel.swift */; };
		84845E3128159FB50014E4DA /* CancelTrainningView.swift in Sources */ = {isa = PBXBuildFile; fileRef = 84845E3028159FB50014E4DA /* CancelTrainningView.swift */; };
		84845E3228159FB50014E4DA /* CancelTrainningView.swift in Sources */ = {isa = PBXBuildFile; fileRef = 84845E3028159FB50014E4DA /* CancelTrainningView.swift */; };
		849D4C8D2835748600B478FA /* TrainingInformationView.swift in Sources */ = {isa = PBXBuildFile; fileRef = 849D4C8C2835748600B478FA /* TrainingInformationView.swift */; };
		849D4C8E2835748700B478FA /* TrainingInformationView.swift in Sources */ = {isa = PBXBuildFile; fileRef = 849D4C8C2835748600B478FA /* TrainingInformationView.swift */; };
		84AD59F72821A4A0007EACDE /* AddContactView.swift in Sources */ = {isa = PBXBuildFile; fileRef = 84AD59F62821A4A0007EACDE /* AddContactView.swift */; };
		84AD59FA2821B601007EACDE /* TeamModel.swift in Sources */ = {isa = PBXBuildFile; fileRef = 84AD59F92821B601007EACDE /* TeamModel.swift */; };
		84AD59FD2821C4FC007EACDE /* MenuEntries.swift in Sources */ = {isa = PBXBuildFile; fileRef = 84AD59FC2821C4FB007EACDE /* MenuEntries.swift */; };
		84AD59FF2821C6A3007EACDE /* MenuView.swift in Sources */ = {isa = PBXBuildFile; fileRef = 84AD59FE2821C6A3007EACDE /* MenuView.swift */; };
		84AD5A012821C6EE007EACDE /* MenuButton.swift in Sources */ = {isa = PBXBuildFile; fileRef = 84AD5A002821C6EE007EACDE /* MenuButton.swift */; };
		84AD5A032821CD32007EACDE /* MenuControllerView.swift in Sources */ = {isa = PBXBuildFile; fileRef = 84AD5A022821CD32007EACDE /* MenuControllerView.swift */; };
		84AD5A06282290F9007EACDE /* SettingsView.swift in Sources */ = {isa = PBXBuildFile; fileRef = 84AD5A05282290F9007EACDE /* SettingsView.swift */; };
		84AD5A072822A3AD007EACDE /* Localizable.strings in Resources */ = {isa = PBXBuildFile; fileRef = 84AD5A0A2822A3AD007EACDE /* Localizable.strings */; };
		84AD5A082822A3AD007EACDE /* Localizable.strings in Resources */ = {isa = PBXBuildFile; fileRef = 84AD5A0A2822A3AD007EACDE /* Localizable.strings */; };
		84AD5A0D2822A971007EACDE /* LocationService.swift in Sources */ = {isa = PBXBuildFile; fileRef = 84AD5A0C2822A970007EACDE /* LocationService.swift */; };
		84AD5A102822E01A007EACDE /* ChangePasswordView.swift in Sources */ = {isa = PBXBuildFile; fileRef = 84AD5A0F2822E01A007EACDE /* ChangePasswordView.swift */; };
		84AD5A122822EBDF007EACDE /* RemoveAccountView.swift in Sources */ = {isa = PBXBuildFile; fileRef = 84AD5A112822EBDF007EACDE /* RemoveAccountView.swift */; };
		84AD5A1928255E83007EACDE /* TeamPrincipalView.swift in Sources */ = {isa = PBXBuildFile; fileRef = 84AD5A1828255E83007EACDE /* TeamPrincipalView.swift */; };
		84AD5A1B282571DE007EACDE /* ListPlayersView.swift in Sources */ = {isa = PBXBuildFile; fileRef = 84AD5A1A282571DE007EACDE /* ListPlayersView.swift */; };
		84AD5A1E282580AE007EACDE /* PlayerInformationView.swift in Sources */ = {isa = PBXBuildFile; fileRef = 84AD5A1D282580AE007EACDE /* PlayerInformationView.swift */; };
		84AD5A2028259D02007EACDE /* PersonalDetailView.swift in Sources */ = {isa = PBXBuildFile; fileRef = 84AD5A1F28259D01007EACDE /* PersonalDetailView.swift */; };
		84AD5A222825A121007EACDE /* ViewModifier.swift in Sources */ = {isa = PBXBuildFile; fileRef = 84AD5A212825A121007EACDE /* ViewModifier.swift */; };
		84AED8C22815B5DF00F98A7C /* PlayerModel.swift in Sources */ = {isa = PBXBuildFile; fileRef = 84AED8C12815B5DF00F98A7C /* PlayerModel.swift */; };
		84AED8C62815BA7C00F98A7C /* AssistantPlayersView.swift in Sources */ = {isa = PBXBuildFile; fileRef = 84AED8C52815BA7C00F98A7C /* AssistantPlayersView.swift */; };
		84AED8C82818360500F98A7C /* CheckBoxView.swift in Sources */ = {isa = PBXBuildFile; fileRef = 84AED8C72818360500F98A7C /* CheckBoxView.swift */; };
		84AED8CA281846D500F98A7C /* NonAssistantPlayersView.swift in Sources */ = {isa = PBXBuildFile; fileRef = 84AED8C9281846D500F98A7C /* NonAssistantPlayersView.swift */; };
		84AED8CC281848A900F98A7C /* PlayerNonAssistingCard.swift in Sources */ = {isa = PBXBuildFile; fileRef = 84AED8CB281848A900F98A7C /* PlayerNonAssistingCard.swift */; };
		84AED8CE281892B200F98A7C /* ReasonForNonAttendanceView.swift in Sources */ = {isa = PBXBuildFile; fileRef = 84AED8CD281892B100F98A7C /* ReasonForNonAttendanceView.swift */; };
		84AED8D328199F5800F98A7C /* MatchPreparationView.swift in Sources */ = {isa = PBXBuildFile; fileRef = 84AED8D228199F5700F98A7C /* MatchPreparationView.swift */; };
		84AED8D628199FEF00F98A7C /* MatchSessionHeaderCard.swift in Sources */ = {isa = PBXBuildFile; fileRef = 84AED8D528199FEF00F98A7C /* MatchSessionHeaderCard.swift */; };
		84AED8D82819A08300F98A7C /* CancelMatchView.swift in Sources */ = {isa = PBXBuildFile; fileRef = 84AED8D72819A08300F98A7C /* CancelMatchView.swift */; };
		84F114B5282875FD0018E626 /* StatsPunctualityCard.swift in Sources */ = {isa = PBXBuildFile; fileRef = 84F114B4282875FD0018E626 /* StatsPunctualityCard.swift */; };
/* End PBXBuildFile section */

/* Begin PBXContainerItemProxy section */
		84359711280225F80013B61B /* PBXContainerItemProxy */ = {
			isa = PBXContainerItemProxy;
			containerPortal = 843596F7280225F30013B61B /* Project object */;
			proxyType = 1;
			remoteGlobalIDString = 84359702280225F70013B61B;
			remoteInfo = "CoachingBook (iOS)";
		};
		8435971D280225F80013B61B /* PBXContainerItemProxy */ = {
			isa = PBXContainerItemProxy;
			containerPortal = 843596F7280225F30013B61B /* Project object */;
			proxyType = 1;
			remoteGlobalIDString = 84359708280225F80013B61B;
			remoteInfo = "CoachingBook (macOS)";
		};
/* End PBXContainerItemProxy section */

/* Begin PBXFileReference section */
		84077EE1283D218B00611015 /* PrepareMatchCard.swift */ = {isa = PBXFileReference; lastKnownFileType = sourcecode.swift; path = PrepareMatchCard.swift; sourceTree = "<group>"; };
		84077EE3283D23E400611015 /* GetAssitanceCard.swift */ = {isa = PBXFileReference; lastKnownFileType = sourcecode.swift; path = GetAssitanceCard.swift; sourceTree = "<group>"; };
		8408328328294E9500DCE47E /* StatsBehaviourCard.swift */ = {isa = PBXFileReference; lastKnownFileType = sourcecode.swift; path = StatsBehaviourCard.swift; sourceTree = "<group>"; };
		8408328528295A1C00DCE47E /* CircleFillViews.swift */ = {isa = PBXFileReference; lastKnownFileType = sourcecode.swift; path = CircleFillViews.swift; sourceTree = "<group>"; };
		8408328828296E6100DCE47E /* EventsListView.swift */ = {isa = PBXFileReference; lastKnownFileType = sourcecode.swift; path = EventsListView.swift; sourceTree = "<group>"; };
		8408328A2829731300DCE47E /* EventPicker.swift */ = {isa = PBXFileReference; lastKnownFileType = sourcecode.swift; path = EventPicker.swift; sourceTree = "<group>"; };
		8408328C2829738B00DCE47E /* SwitchEventView.swift */ = {isa = PBXFileReference; lastKnownFileType = sourcecode.swift; path = SwitchEventView.swift; sourceTree = "<group>"; };
		8408328E2829762B00DCE47E /* EventTrainingCard.swift */ = {isa = PBXFileReference; lastKnownFileType = sourcecode.swift; path = EventTrainingCard.swift; sourceTree = "<group>"; };
		8408329128297C1100DCE47E /* TrainingEventListView.swift */ = {isa = PBXFileReference; lastKnownFileType = sourcecode.swift; path = TrainingEventListView.swift; sourceTree = "<group>"; };
		8408329328297F7200DCE47E /* EventMatchCard.swift */ = {isa = PBXFileReference; lastKnownFileType = sourcecode.swift; path = EventMatchCard.swift; sourceTree = "<group>"; };
		840832952829819F00DCE47E /* MatchEventListView.swift */ = {isa = PBXFileReference; lastKnownFileType = sourcecode.swift; path = MatchEventListView.swift; sourceTree = "<group>"; };
		84083297282ADF0B00DCE47E /* AddPlayerView.swift */ = {isa = PBXFileReference; lastKnownFileType = sourcecode.swift; path = AddPlayerView.swift; sourceTree = "<group>"; };
		84083299282AE2EF00DCE47E /* ProfileAddPlayerView.swift */ = {isa = PBXFileReference; lastKnownFileType = sourcecode.swift; path = ProfileAddPlayerView.swift; sourceTree = "<group>"; };
		840832A0282BEF2A00DCE47E /* TeamAddPlayerView.swift */ = {isa = PBXFileReference; lastKnownFileType = sourcecode.swift; path = TeamAddPlayerView.swift; sourceTree = "<group>"; };
		841BAE022810796B0033EF4C /* CoachInformationView.swift */ = {isa = PBXFileReference; lastKnownFileType = sourcecode.swift; path = CoachInformationView.swift; sourceTree = "<group>"; };
		841BAE062810846B0033EF4C /* DatePickerTextField.swift */ = {isa = PBXFileReference; lastKnownFileType = sourcecode.swift; path = DatePickerTextField.swift; sourceTree = "<group>"; };
		841BAE08281084910033EF4C /* CustomButtons.swift */ = {isa = PBXFileReference; lastKnownFileType = sourcecode.swift; path = CustomButtons.swift; sourceTree = "<group>"; };
		843596FC280225F40013B61B /* CoachingBookApp.swift */ = {isa = PBXFileReference; lastKnownFileType = sourcecode.swift; path = CoachingBookApp.swift; sourceTree = "<group>"; };
		843596FD280225F40013B61B /* ContentView.swift */ = {isa = PBXFileReference; lastKnownFileType = sourcecode.swift; path = ContentView.swift; sourceTree = "<group>"; };
		843596FE280225F70013B61B /* Assets.xcassets */ = {isa = PBXFileReference; lastKnownFileType = folder.assetcatalog; path = Assets.xcassets; sourceTree = "<group>"; };
		84359703280225F80013B61B /* CoachingBook.app */ = {isa = PBXFileReference; explicitFileType = wrapper.application; includeInIndex = 0; path = CoachingBook.app; sourceTree = BUILT_PRODUCTS_DIR; };
		84359709280225F80013B61B /* CoachingBook.app */ = {isa = PBXFileReference; explicitFileType = wrapper.application; includeInIndex = 0; path = CoachingBook.app; sourceTree = BUILT_PRODUCTS_DIR; };
		8435970B280225F80013B61B /* macOS.entitlements */ = {isa = PBXFileReference; lastKnownFileType = text.plist.entitlements; path = macOS.entitlements; sourceTree = "<group>"; };
		84359710280225F80013B61B /* Tests iOS.xctest */ = {isa = PBXFileReference; explicitFileType = wrapper.cfbundle; includeInIndex = 0; path = "Tests iOS.xctest"; sourceTree = BUILT_PRODUCTS_DIR; };
		84359714280225F80013B61B /* Tests_iOS.swift */ = {isa = PBXFileReference; lastKnownFileType = sourcecode.swift; path = Tests_iOS.swift; sourceTree = "<group>"; };
		84359716280225F80013B61B /* Tests_iOSLaunchTests.swift */ = {isa = PBXFileReference; lastKnownFileType = sourcecode.swift; path = Tests_iOSLaunchTests.swift; sourceTree = "<group>"; };
		8435971C280225F80013B61B /* Tests macOS.xctest */ = {isa = PBXFileReference; explicitFileType = wrapper.cfbundle; includeInIndex = 0; path = "Tests macOS.xctest"; sourceTree = BUILT_PRODUCTS_DIR; };
		84359720280225F80013B61B /* Tests_macOS.swift */ = {isa = PBXFileReference; lastKnownFileType = sourcecode.swift; path = Tests_macOS.swift; sourceTree = "<group>"; };
		84359722280225F80013B61B /* Tests_macOSLaunchTests.swift */ = {isa = PBXFileReference; lastKnownFileType = sourcecode.swift; path = Tests_macOSLaunchTests.swift; sourceTree = "<group>"; };
		8435973B2802D0300013B61B /* LoginView.swift */ = {isa = PBXFileReference; lastKnownFileType = sourcecode.swift; path = LoginView.swift; sourceTree = "<group>"; };
		8435973E2802D6480013B61B /* Styles.swift */ = {isa = PBXFileReference; lastKnownFileType = sourcecode.swift; path = Styles.swift; sourceTree = "<group>"; };
		843597412802DFAA0013B61B /* CustomViews.swift */ = {isa = PBXFileReference; lastKnownFileType = sourcecode.swift; path = CustomViews.swift; sourceTree = "<group>"; };
		84359746280363DD0013B61B /* CoachCard.swift */ = {isa = PBXFileReference; lastKnownFileType = sourcecode.swift; path = CoachCard.swift; sourceTree = "<group>"; };
		84359749280B32E80013B61B /* ProfileCoachView.swift */ = {isa = PBXFileReference; lastKnownFileType = sourcecode.swift; path = ProfileCoachView.swift; sourceTree = "<group>"; };
		84493C72283BE7D900B3EBF1 /* HomeView.swift */ = {isa = PBXFileReference; lastKnownFileType = sourcecode.swift; path = HomeView.swift; sourceTree = "<group>"; };
		84493C75283BF42A00B3EBF1 /* PrepareTrainingCard.swift */ = {isa = PBXFileReference; lastKnownFileType = sourcecode.swift; path = PrepareTrainingCard.swift; sourceTree = "<group>"; };
		844B6A1128217DEB003FE836 /* GeneralContactView.swift */ = {isa = PBXFileReference; lastKnownFileType = sourcecode.swift; path = GeneralContactView.swift; sourceTree = "<group>"; };
		844B6A1328217E4E003FE836 /* SwitchContactView.swift */ = {isa = PBXFileReference; lastKnownFileType = sourcecode.swift; path = SwitchContactView.swift; sourceTree = "<group>"; };
		844B6A15282180DE003FE836 /* CustomPickerContacts.swift */ = {isa = PBXFileReference; lastKnownFileType = sourcecode.swift; path = CustomPickerContacts.swift; sourceTree = "<group>"; };
		844B6A19282188E3003FE836 /* ContactInformationView.swift */ = {isa = PBXFileReference; lastKnownFileType = sourcecode.swift; path = ContactInformationView.swift; sourceTree = "<group>"; };
		844B6A1B28218926003FE836 /* ContactCard.swift */ = {isa = PBXFileReference; lastKnownFileType = sourcecode.swift; path = ContactCard.swift; sourceTree = "<group>"; };
		8462B963283D29AA00AEF1B0 /* GetBehaviourCard.swift */ = {isa = PBXFileReference; lastKnownFileType = sourcecode.swift; path = GetBehaviourCard.swift; sourceTree = "<group>"; };
		8462B967283D666300AEF1B0 /* PunctualityFeedbackCard.swift */ = {isa = PBXFileReference; lastKnownFileType = sourcecode.swift; path = PunctualityFeedbackCard.swift; sourceTree = "<group>"; };
		8462B969283D6AFC00AEF1B0 /* MiniCardsFeedback.swift */ = {isa = PBXFileReference; lastKnownFileType = sourcecode.swift; path = MiniCardsFeedback.swift; sourceTree = "<group>"; };
		8462B96B283D6BBD00AEF1B0 /* BehaviourFeedbackCard.swift */ = {isa = PBXFileReference; lastKnownFileType = sourcecode.swift; path = BehaviourFeedbackCard.swift; sourceTree = "<group>"; };
		8462B96D283D6C5D00AEF1B0 /* AttitudeFeedbackCard.swift */ = {isa = PBXFileReference; lastKnownFileType = sourcecode.swift; path = AttitudeFeedbackCard.swift; sourceTree = "<group>"; };
		8462B96F283D6D8500AEF1B0 /* FeedbackView.swift */ = {isa = PBXFileReference; lastKnownFileType = sourcecode.swift; path = FeedbackView.swift; sourceTree = "<group>"; };
		8462B974283D7A0300AEF1B0 /* GivePunctualityView.swift */ = {isa = PBXFileReference; lastKnownFileType = sourcecode.swift; path = GivePunctualityView.swift; sourceTree = "<group>"; };
		8462B978283E945600AEF1B0 /* GiveBehaviourView.swift */ = {isa = PBXFileReference; lastKnownFileType = sourcecode.swift; path = GiveBehaviourView.swift; sourceTree = "<group>"; };
		8462B97A283FD49F00AEF1B0 /* GiveAttitudeView.swift */ = {isa = PBXFileReference; lastKnownFileType = sourcecode.swift; path = GiveAttitudeView.swift; sourceTree = "<group>"; };
		8462B97C28452E3200AEF1B0 /* CalendarView.swift */ = {isa = PBXFileReference; lastKnownFileType = sourcecode.swift; path = CalendarView.swift; sourceTree = "<group>"; };
		8462B97E28452E8400AEF1B0 /* CustomCalendarPicker.swift */ = {isa = PBXFileReference; lastKnownFileType = sourcecode.swift; path = CustomCalendarPicker.swift; sourceTree = "<group>"; };
		8462B9802845340900AEF1B0 /* DateValue.swift */ = {isa = PBXFileReference; lastKnownFileType = sourcecode.swift; path = DateValue.swift; sourceTree = "<group>"; };
		8462B9822846237900AEF1B0 /* ListEventsCalendarView.swift */ = {isa = PBXFileReference; lastKnownFileType = sourcecode.swift; path = ListEventsCalendarView.swift; sourceTree = "<group>"; };
		8462B9842846244400AEF1B0 /* CustomDayCalendarView.swift */ = {isa = PBXFileReference; lastKnownFileType = sourcecode.swift; path = CustomDayCalendarView.swift; sourceTree = "<group>"; };
		8462B9862846254300AEF1B0 /* CalendarHeaderView.swift */ = {isa = PBXFileReference; lastKnownFileType = sourcecode.swift; path = CalendarHeaderView.swift; sourceTree = "<group>"; };
		84653884283BE2A700E4A6AA /* MiniCardTrainingHome.swift */ = {isa = PBXFileReference; lastKnownFileType = sourcecode.swift; path = MiniCardTrainingHome.swift; sourceTree = "<group>"; };
		846F7336282EC5BF00FF3FB5 /* TypeOfFileCard.swift */ = {isa = PBXFileReference; lastKnownFileType = sourcecode.swift; path = TypeOfFileCard.swift; sourceTree = "<group>"; };
		846F7338282ECB0700FF3FB5 /* FilesModel.swift */ = {isa = PBXFileReference; lastKnownFileType = sourcecode.swift; path = FilesModel.swift; sourceTree = "<group>"; };
		846F733A282ECC1800FF3FB5 /* FilesView.swift */ = {isa = PBXFileReference; lastKnownFileType = sourcecode.swift; path = FilesView.swift; sourceTree = "<group>"; };
		846F733C282ECEF600FF3FB5 /* FileRowView.swift */ = {isa = PBXFileReference; lastKnownFileType = sourcecode.swift; path = FileRowView.swift; sourceTree = "<group>"; };
		846F733E282ED06A00FF3FB5 /* ImagesListView.swift */ = {isa = PBXFileReference; lastKnownFileType = sourcecode.swift; path = ImagesListView.swift; sourceTree = "<group>"; };
		846F7341282ED13400FF3FB5 /* DocumentsListView.swift */ = {isa = PBXFileReference; lastKnownFileType = sourcecode.swift; path = DocumentsListView.swift; sourceTree = "<group>"; };
		846F7343282ED1CB00FF3FB5 /* VideosListView.swift */ = {isa = PBXFileReference; lastKnownFileType = sourcecode.swift; path = VideosListView.swift; sourceTree = "<group>"; };
		846F7346282ED50800FF3FB5 /* SwitchFileView.swift */ = {isa = PBXFileReference; lastKnownFileType = sourcecode.swift; path = SwitchFileView.swift; sourceTree = "<group>"; };
		846F7348282ED59100FF3FB5 /* CustomPickerFile.swift */ = {isa = PBXFileReference; lastKnownFileType = sourcecode.swift; path = CustomPickerFile.swift; sourceTree = "<group>"; };
		846F734B282FC7D800FF3FB5 /* StatsTeamView.swift */ = {isa = PBXFileReference; lastKnownFileType = sourcecode.swift; path = StatsTeamView.swift; sourceTree = "<group>"; };
		846F734D282FF36000FF3FB5 /* GeneralStatsTeamCard.swift */ = {isa = PBXFileReference; lastKnownFileType = sourcecode.swift; path = GeneralStatsTeamCard.swift; sourceTree = "<group>"; };
		846F734F28311D2600FF3FB5 /* TotalRankingView.swift */ = {isa = PBXFileReference; lastKnownFileType = sourcecode.swift; path = TotalRankingView.swift; sourceTree = "<group>"; };
		846F735328353FB200FF3FB5 /* MatchInformationView.swift */ = {isa = PBXFileReference; lastKnownFileType = sourcecode.swift; path = MatchInformationView.swift; sourceTree = "<group>"; };
		8481AF03281E8D9200D59063 /* EntriesMatchView.swift */ = {isa = PBXFileReference; lastKnownFileType = sourcecode.swift; path = EntriesMatchView.swift; sourceTree = "<group>"; };
		8481AF06282046DE00D59063 /* ContactModel.swift */ = {isa = PBXFileReference; lastKnownFileType = sourcecode.swift; path = ContactModel.swift; sourceTree = "<group>"; };
		8481AF0A2820497600D59063 /* ContactsListView.swift */ = {isa = PBXFileReference; lastKnownFileType = sourcecode.swift; path = ContactsListView.swift; sourceTree = "<group>"; };
		8481AF0C28215CC900D59063 /* SearchBarView.swift */ = {isa = PBXFileReference; lastKnownFileType = sourcecode.swift; path = SearchBarView.swift; sourceTree = "<group>"; };
		8481AF0E282179B200D59063 /* FavouritesContactsView.swift */ = {isa = PBXFileReference; lastKnownFileType = sourcecode.swift; path = FavouritesContactsView.swift; sourceTree = "<group>"; };
		84841A8928280C0200B69495 /* PlayerTeamDetailView.swift */ = {isa = PBXFileReference; lastKnownFileType = sourcecode.swift; path = PlayerTeamDetailView.swift; sourceTree = "<group>"; };
		84841A8B282811C000B69495 /* StatsModel.swift */ = {isa = PBXFileReference; lastKnownFileType = sourcecode.swift; path = StatsModel.swift; sourceTree = "<group>"; };
		84841A8D282812CA00B69495 /* StatsPlayerEmptyView.swift */ = {isa = PBXFileReference; lastKnownFileType = sourcecode.swift; path = StatsPlayerEmptyView.swift; sourceTree = "<group>"; };
		84841A8F282817BF00B69495 /* TeamInformationView.swift */ = {isa = PBXFileReference; lastKnownFileType = sourcecode.swift; path = TeamInformationView.swift; sourceTree = "<group>"; };
		84841A9228283DDD00B69495 /* StatsPlayerView.swift */ = {isa = PBXFileReference; lastKnownFileType = sourcecode.swift; path = StatsPlayerView.swift; sourceTree = "<group>"; };
		84841A942828406D00B69495 /* StatsAttendanceCard.swift */ = {isa = PBXFileReference; lastKnownFileType = sourcecode.swift; path = StatsAttendanceCard.swift; sourceTree = "<group>"; };
		84845DF42811C7AC0014E4DA /* ExtensionsView.swift */ = {isa = PBXFileReference; lastKnownFileType = sourcecode.swift; path = ExtensionsView.swift; sourceTree = "<group>"; };
		84845DF7281214640014E4DA /* RadioButtonView.swift */ = {isa = PBXFileReference; lastKnownFileType = sourcecode.swift; path = RadioButtonView.swift; sourceTree = "<group>"; };
		84845DFB2812EF090014E4DA /* MiniTrainingSessionCard.swift */ = {isa = PBXFileReference; lastKnownFileType = sourcecode.swift; path = MiniTrainingSessionCard.swift; sourceTree = "<group>"; };
		84845DFE2812F8C40014E4DA /* TrainingDashboardCard.swift */ = {isa = PBXFileReference; lastKnownFileType = sourcecode.swift; path = TrainingDashboardCard.swift; sourceTree = "<group>"; };
		84845E042812FC720014E4DA /* TrainingModel.swift */ = {isa = PBXFileReference; lastKnownFileType = sourcecode.swift; path = TrainingModel.swift; sourceTree = "<group>"; };
		84845E0928133B5D0014E4DA /* MatchModel.swift */ = {isa = PBXFileReference; lastKnownFileType = sourcecode.swift; path = MatchModel.swift; sourceTree = "<group>"; };
		84845E1028133CA70014E4DA /* MatchDashboardCard.swift */ = {isa = PBXFileReference; lastKnownFileType = sourcecode.swift; path = MatchDashboardCard.swift; sourceTree = "<group>"; };
		84845E1328133FF50014E4DA /* DashboardOnBoardingView.swift */ = {isa = PBXFileReference; lastKnownFileType = sourcecode.swift; path = DashboardOnBoardingView.swift; sourceTree = "<group>"; };
		84845E162813472D0014E4DA /* TrainingPreparationView.swift */ = {isa = PBXFileReference; lastKnownFileType = sourcecode.swift; path = TrainingPreparationView.swift; sourceTree = "<group>"; };
		84845E19281347E80014E4DA /* TrainingSessionHeaderCard.swift */ = {isa = PBXFileReference; lastKnownFileType = sourcecode.swift; path = TrainingSessionHeaderCard.swift; sourceTree = "<group>"; };
		84845E1D28136A9F0014E4DA /* MiniMatchSessionCard.swift */ = {isa = PBXFileReference; lastKnownFileType = sourcecode.swift; path = MiniMatchSessionCard.swift; sourceTree = "<group>"; };
		84845E232814004E0014E4DA /* ObjectsNeededView.swift */ = {isa = PBXFileReference; lastKnownFileType = sourcecode.swift; path = ObjectsNeededView.swift; sourceTree = "<group>"; };
		84845E262814033B0014E4DA /* ObjectCard.swift */ = {isa = PBXFileReference; lastKnownFileType = sourcecode.swift; path = ObjectCard.swift; sourceTree = "<group>"; };
		84845E292814039E0014E4DA /* ObjectsModel.swift */ = {isa = PBXFileReference; lastKnownFileType = sourcecode.swift; path = ObjectsModel.swift; sourceTree = "<group>"; };
		84845E2C2814186D0014E4DA /* CoachModel.swift */ = {isa = PBXFileReference; lastKnownFileType = sourcecode.swift; path = CoachModel.swift; sourceTree = "<group>"; };
		84845E3028159FB50014E4DA /* CancelTrainningView.swift */ = {isa = PBXFileReference; lastKnownFileType = sourcecode.swift; path = CancelTrainningView.swift; sourceTree = "<group>"; };
		849D4C8C2835748600B478FA /* TrainingInformationView.swift */ = {isa = PBXFileReference; lastKnownFileType = sourcecode.swift; path = TrainingInformationView.swift; sourceTree = "<group>"; };
		84AD59F62821A4A0007EACDE /* AddContactView.swift */ = {isa = PBXFileReference; lastKnownFileType = sourcecode.swift; path = AddContactView.swift; sourceTree = "<group>"; };
		84AD59F92821B601007EACDE /* TeamModel.swift */ = {isa = PBXFileReference; lastKnownFileType = sourcecode.swift; path = TeamModel.swift; sourceTree = "<group>"; };
		84AD59FC2821C4FB007EACDE /* MenuEntries.swift */ = {isa = PBXFileReference; lastKnownFileType = sourcecode.swift; path = MenuEntries.swift; sourceTree = "<group>"; };
		84AD59FE2821C6A3007EACDE /* MenuView.swift */ = {isa = PBXFileReference; lastKnownFileType = sourcecode.swift; path = MenuView.swift; sourceTree = "<group>"; };
		84AD5A002821C6EE007EACDE /* MenuButton.swift */ = {isa = PBXFileReference; lastKnownFileType = sourcecode.swift; path = MenuButton.swift; sourceTree = "<group>"; };
		84AD5A022821CD32007EACDE /* MenuControllerView.swift */ = {isa = PBXFileReference; lastKnownFileType = sourcecode.swift; path = MenuControllerView.swift; sourceTree = "<group>"; };
		84AD5A05282290F9007EACDE /* SettingsView.swift */ = {isa = PBXFileReference; lastKnownFileType = sourcecode.swift; path = SettingsView.swift; sourceTree = "<group>"; };
		84AD5A092822A3AD007EACDE /* en */ = {isa = PBXFileReference; lastKnownFileType = text.plist.strings; name = en; path = en.lproj/Localizable.strings; sourceTree = "<group>"; };
		84AD5A0B2822A426007EACDE /* es */ = {isa = PBXFileReference; lastKnownFileType = text.plist.strings; name = es; path = es.lproj/Localizable.strings; sourceTree = "<group>"; };
		84AD5A0C2822A970007EACDE /* LocationService.swift */ = {isa = PBXFileReference; lastKnownFileType = sourcecode.swift; path = LocationService.swift; sourceTree = "<group>"; };
		84AD5A0F2822E01A007EACDE /* ChangePasswordView.swift */ = {isa = PBXFileReference; lastKnownFileType = sourcecode.swift; path = ChangePasswordView.swift; sourceTree = "<group>"; };
		84AD5A112822EBDF007EACDE /* RemoveAccountView.swift */ = {isa = PBXFileReference; lastKnownFileType = sourcecode.swift; path = RemoveAccountView.swift; sourceTree = "<group>"; };
		84AD5A1328232556007EACDE /* ca */ = {isa = PBXFileReference; lastKnownFileType = text.plist.strings; name = ca; path = ca.lproj/Localizable.strings; sourceTree = "<group>"; };
		84AD5A1828255E83007EACDE /* TeamPrincipalView.swift */ = {isa = PBXFileReference; lastKnownFileType = sourcecode.swift; path = TeamPrincipalView.swift; sourceTree = "<group>"; };
		84AD5A1A282571DE007EACDE /* ListPlayersView.swift */ = {isa = PBXFileReference; lastKnownFileType = sourcecode.swift; path = ListPlayersView.swift; sourceTree = "<group>"; };
		84AD5A1D282580AE007EACDE /* PlayerInformationView.swift */ = {isa = PBXFileReference; lastKnownFileType = sourcecode.swift; path = PlayerInformationView.swift; sourceTree = "<group>"; };
		84AD5A1F28259D01007EACDE /* PersonalDetailView.swift */ = {isa = PBXFileReference; lastKnownFileType = sourcecode.swift; path = PersonalDetailView.swift; sourceTree = "<group>"; };
		84AD5A212825A121007EACDE /* ViewModifier.swift */ = {isa = PBXFileReference; lastKnownFileType = sourcecode.swift; path = ViewModifier.swift; sourceTree = "<group>"; };
		84AED8C12815B5DF00F98A7C /* PlayerModel.swift */ = {isa = PBXFileReference; lastKnownFileType = sourcecode.swift; path = PlayerModel.swift; sourceTree = "<group>"; };
		84AED8C52815BA7C00F98A7C /* AssistantPlayersView.swift */ = {isa = PBXFileReference; lastKnownFileType = sourcecode.swift; path = AssistantPlayersView.swift; sourceTree = "<group>"; };
		84AED8C72818360500F98A7C /* CheckBoxView.swift */ = {isa = PBXFileReference; lastKnownFileType = sourcecode.swift; path = CheckBoxView.swift; sourceTree = "<group>"; };
		84AED8C9281846D500F98A7C /* NonAssistantPlayersView.swift */ = {isa = PBXFileReference; lastKnownFileType = sourcecode.swift; path = NonAssistantPlayersView.swift; sourceTree = "<group>"; };
		84AED8CB281848A900F98A7C /* PlayerNonAssistingCard.swift */ = {isa = PBXFileReference; lastKnownFileType = sourcecode.swift; path = PlayerNonAssistingCard.swift; sourceTree = "<group>"; };
		84AED8CD281892B100F98A7C /* ReasonForNonAttendanceView.swift */ = {isa = PBXFileReference; lastKnownFileType = sourcecode.swift; path = ReasonForNonAttendanceView.swift; sourceTree = "<group>"; };
		84AED8D228199F5700F98A7C /* MatchPreparationView.swift */ = {isa = PBXFileReference; lastKnownFileType = sourcecode.swift; path = MatchPreparationView.swift; sourceTree = "<group>"; };
		84AED8D528199FEF00F98A7C /* MatchSessionHeaderCard.swift */ = {isa = PBXFileReference; lastKnownFileType = sourcecode.swift; path = MatchSessionHeaderCard.swift; sourceTree = "<group>"; };
		84AED8D72819A08300F98A7C /* CancelMatchView.swift */ = {isa = PBXFileReference; lastKnownFileType = sourcecode.swift; path = CancelMatchView.swift; sourceTree = "<group>"; };
		84F114B4282875FD0018E626 /* StatsPunctualityCard.swift */ = {isa = PBXFileReference; lastKnownFileType = sourcecode.swift; path = StatsPunctualityCard.swift; sourceTree = "<group>"; };
/* End PBXFileReference section */

/* Begin PBXFrameworksBuildPhase section */
		84359700280225F70013B61B /* Frameworks */ = {
			isa = PBXFrameworksBuildPhase;
			buildActionMask = 2147483647;
			files = (
			);
			runOnlyForDeploymentPostprocessing = 0;
		};
		84359706280225F80013B61B /* Frameworks */ = {
			isa = PBXFrameworksBuildPhase;
			buildActionMask = 2147483647;
			files = (
			);
			runOnlyForDeploymentPostprocessing = 0;
		};
		8435970D280225F80013B61B /* Frameworks */ = {
			isa = PBXFrameworksBuildPhase;
			buildActionMask = 2147483647;
			files = (
			);
			runOnlyForDeploymentPostprocessing = 0;
		};
		84359719280225F80013B61B /* Frameworks */ = {
			isa = PBXFrameworksBuildPhase;
			buildActionMask = 2147483647;
			files = (
			);
			runOnlyForDeploymentPostprocessing = 0;
		};
/* End PBXFrameworksBuildPhase section */

/* Begin PBXGroup section */
		8408328728296D9A00DCE47E /* Events */ = {
			isa = PBXGroup;
			children = (
				8408328828296E6100DCE47E /* EventsListView.swift */,
				8408328A2829731300DCE47E /* EventPicker.swift */,
				8408328C2829738B00DCE47E /* SwitchEventView.swift */,
				840832902829782700DCE47E /* Cards */,
				846F735128353F3600FF3FB5 /* Match */,
				846F735228353F4900FF3FB5 /* Training */,
			);
			path = Events;
			sourceTree = "<group>";
		};
		840832902829782700DCE47E /* Cards */ = {
			isa = PBXGroup;
			children = (
				8408328E2829762B00DCE47E /* EventTrainingCard.swift */,
				8408329328297F7200DCE47E /* EventMatchCard.swift */,
			);
			path = Cards;
			sourceTree = "<group>";
		};
		8408329B282AE40A00DCE47E /* Add Player */ = {
			isa = PBXGroup;
			children = (
				84083297282ADF0B00DCE47E /* AddPlayerView.swift */,
				84083299282AE2EF00DCE47E /* ProfileAddPlayerView.swift */,
				840832A0282BEF2A00DCE47E /* TeamAddPlayerView.swift */,
			);
			path = "Add Player";
			sourceTree = "<group>";
		};
		841BAE05281084550033EF4C /* CustomViews */ = {
			isa = PBXGroup;
			children = (
				843597412802DFAA0013B61B /* CustomViews.swift */,
				841BAE08281084910033EF4C /* CustomButtons.swift */,
				84845DF7281214640014E4DA /* RadioButtonView.swift */,
				841BAE062810846B0033EF4C /* DatePickerTextField.swift */,
				84AED8C72818360500F98A7C /* CheckBoxView.swift */,
				8481AF0C28215CC900D59063 /* SearchBarView.swift */,
				84AD5A212825A121007EACDE /* ViewModifier.swift */,
				8408328528295A1C00DCE47E /* CircleFillViews.swift */,
			);
			path = CustomViews;
			sourceTree = "<group>";
		};
		843596F6280225F30013B61B = {
			isa = PBXGroup;
			children = (
				843596FB280225F40013B61B /* Shared */,
				8435970A280225F80013B61B /* macOS */,
				84359713280225F80013B61B /* Tests iOS */,
				8435971F280225F80013B61B /* Tests macOS */,
				84359704280225F80013B61B /* Products */,
			);
			sourceTree = "<group>";
		};
		843596FB280225F40013B61B /* Shared */ = {
			isa = PBXGroup;
			children = (
				84AD5A1428240643007EACDE /* Screens */,
				84AD5A1628240731007EACDE /* Model */,
				84AD5A1528240651007EACDE /* Extensions */,
				84AD5A0A2822A3AD007EACDE /* Localizable.strings */,
				843596FE280225F70013B61B /* Assets.xcassets */,
				843596FD280225F40013B61B /* ContentView.swift */,
				843596FC280225F40013B61B /* CoachingBookApp.swift */,
			);
			path = Shared;
			sourceTree = "<group>";
		};
		84359704280225F80013B61B /* Products */ = {
			isa = PBXGroup;
			children = (
				84359703280225F80013B61B /* CoachingBook.app */,
				84359709280225F80013B61B /* CoachingBook.app */,
				84359710280225F80013B61B /* Tests iOS.xctest */,
				8435971C280225F80013B61B /* Tests macOS.xctest */,
			);
			name = Products;
			sourceTree = "<group>";
		};
		8435970A280225F80013B61B /* macOS */ = {
			isa = PBXGroup;
			children = (
				8435970B280225F80013B61B /* macOS.entitlements */,
			);
			path = macOS;
			sourceTree = "<group>";
		};
		84359713280225F80013B61B /* Tests iOS */ = {
			isa = PBXGroup;
			children = (
				84359714280225F80013B61B /* Tests_iOS.swift */,
				84359716280225F80013B61B /* Tests_iOSLaunchTests.swift */,
			);
			path = "Tests iOS";
			sourceTree = "<group>";
		};
		8435971F280225F80013B61B /* Tests macOS */ = {
			isa = PBXGroup;
			children = (
				84359720280225F80013B61B /* Tests_macOS.swift */,
				84359722280225F80013B61B /* Tests_macOSLaunchTests.swift */,
			);
			path = "Tests macOS";
			sourceTree = "<group>";
		};
		84359744280363B30013B61B /* Login */ = {
			isa = PBXGroup;
			children = (
				8435973B2802D0300013B61B /* LoginView.swift */,
			);
			path = Login;
			sourceTree = "<group>";
		};
		84359745280363C60013B61B /* Coach */ = {
			isa = PBXGroup;
			children = (
				84359746280363DD0013B61B /* CoachCard.swift */,
				84359749280B32E80013B61B /* ProfileCoachView.swift */,
				841BAE022810796B0033EF4C /* CoachInformationView.swift */,
				84845DFA2812EEA00014E4DA /* Dashboard */,
				8462B966283D32E800AEF1B0 /* Feedback */,
				8481AF052820464800D59063 /* Contacts */,
			);
			path = Coach;
			sourceTree = "<group>";
		};
		84493C74283BF41200B3EBF1 /* Cards */ = {
			isa = PBXGroup;
			children = (
				84493C75283BF42A00B3EBF1 /* PrepareTrainingCard.swift */,
				84077EE1283D218B00611015 /* PrepareMatchCard.swift */,
				84077EE3283D23E400611015 /* GetAssitanceCard.swift */,
				8462B963283D29AA00AEF1B0 /* GetBehaviourCard.swift */,
			);
			path = Cards;
			sourceTree = "<group>";
		};
		844B6A17282181F5003FE836 /* Sections */ = {
			isa = PBXGroup;
			children = (
				8481AF0A2820497600D59063 /* ContactsListView.swift */,
				8481AF0E282179B200D59063 /* FavouritesContactsView.swift */,
			);
			path = Sections;
			sourceTree = "<group>";
		};
		844B6A1828218206003FE836 /* Controller */ = {
			isa = PBXGroup;
			children = (
				844B6A1328217E4E003FE836 /* SwitchContactView.swift */,
				844B6A15282180DE003FE836 /* CustomPickerContacts.swift */,
			);
			path = Controller;
			sourceTree = "<group>";
		};
		844B6A1D28218955003FE836 /* Contact Information */ = {
			isa = PBXGroup;
			children = (
				844B6A1B28218926003FE836 /* ContactCard.swift */,
				844B6A19282188E3003FE836 /* ContactInformationView.swift */,
				84AD59F62821A4A0007EACDE /* AddContactView.swift */,
			);
			path = "Contact Information";
			sourceTree = "<group>";
		};
		8462B966283D32E800AEF1B0 /* Feedback */ = {
			isa = PBXGroup;
			children = (
				8462B96F283D6D8500AEF1B0 /* FeedbackView.swift */,
				8462B969283D6AFC00AEF1B0 /* MiniCardsFeedback.swift */,
				8462B971283D770000AEF1B0 /* Punctuality */,
				8462B972283D770C00AEF1B0 /* Behaviour */,
				8462B973283D771C00AEF1B0 /* Attitude */,
			);
			path = Feedback;
			sourceTree = "<group>";
		};
		8462B971283D770000AEF1B0 /* Punctuality */ = {
			isa = PBXGroup;
			children = (
				8462B967283D666300AEF1B0 /* PunctualityFeedbackCard.swift */,
				8462B974283D7A0300AEF1B0 /* GivePunctualityView.swift */,
			);
			path = Punctuality;
			sourceTree = "<group>";
		};
		8462B972283D770C00AEF1B0 /* Behaviour */ = {
			isa = PBXGroup;
			children = (
				8462B96B283D6BBD00AEF1B0 /* BehaviourFeedbackCard.swift */,
				8462B978283E945600AEF1B0 /* GiveBehaviourView.swift */,
			);
			path = Behaviour;
			sourceTree = "<group>";
		};
		8462B973283D771C00AEF1B0 /* Attitude */ = {
			isa = PBXGroup;
			children = (
				8462B96D283D6C5D00AEF1B0 /* AttitudeFeedbackCard.swift */,
				8462B97A283FD49F00AEF1B0 /* GiveAttitudeView.swift */,
			);
			path = Attitude;
			sourceTree = "<group>";
		};
		84653883283BE09F00E4A6AA /* Home */ = {
			isa = PBXGroup;
			children = (
				84493C72283BE7D900B3EBF1 /* HomeView.swift */,
				84653884283BE2A700E4A6AA /* MiniCardTrainingHome.swift */,
				84493C74283BF41200B3EBF1 /* Cards */,
			);
			path = Home;
			sourceTree = "<group>";
		};
		846F7335282EC5A000FF3FB5 /* Files */ = {
			isa = PBXGroup;
			children = (
				846F733A282ECC1800FF3FB5 /* FilesView.swift */,
				846F733C282ECEF600FF3FB5 /* FileRowView.swift */,
				846F7340282ED07000FF3FB5 /* Lists */,
				846F7345282ED4D000FF3FB5 /* Controller */,
			);
			path = Files;
			sourceTree = "<group>";
		};
		846F7340282ED07000FF3FB5 /* Lists */ = {
			isa = PBXGroup;
			children = (
				846F7341282ED13400FF3FB5 /* DocumentsListView.swift */,
				846F733E282ED06A00FF3FB5 /* ImagesListView.swift */,
				846F7343282ED1CB00FF3FB5 /* VideosListView.swift */,
			);
			path = Lists;
			sourceTree = "<group>";
		};
		846F7345282ED4D000FF3FB5 /* Controller */ = {
			isa = PBXGroup;
			children = (
				846F7346282ED50800FF3FB5 /* SwitchFileView.swift */,
				846F7348282ED59100FF3FB5 /* CustomPickerFile.swift */,
				846F7336282EC5BF00FF3FB5 /* TypeOfFileCard.swift */,
			);
			path = Controller;
			sourceTree = "<group>";
		};
		846F734A282FC08200FF3FB5 /* Stats */ = {
			isa = PBXGroup;
			children = (
				846F734B282FC7D800FF3FB5 /* StatsTeamView.swift */,
				846F734D282FF36000FF3FB5 /* GeneralStatsTeamCard.swift */,
				846F734F28311D2600FF3FB5 /* TotalRankingView.swift */,
			);
			path = Stats;
			sourceTree = "<group>";
		};
		846F735128353F3600FF3FB5 /* Match */ = {
			isa = PBXGroup;
			children = (
				840832952829819F00DCE47E /* MatchEventListView.swift */,
				846F735328353FB200FF3FB5 /* MatchInformationView.swift */,
			);
			path = Match;
			sourceTree = "<group>";
		};
		846F735228353F4900FF3FB5 /* Training */ = {
			isa = PBXGroup;
			children = (
				8408329128297C1100DCE47E /* TrainingEventListView.swift */,
				849D4C8C2835748600B478FA /* TrainingInformationView.swift */,
			);
			path = Training;
			sourceTree = "<group>";
		};
		8481AF052820464800D59063 /* Contacts */ = {
			isa = PBXGroup;
			children = (
				844B6A1128217DEB003FE836 /* GeneralContactView.swift */,
				844B6A17282181F5003FE836 /* Sections */,
				844B6A1828218206003FE836 /* Controller */,
				844B6A1D28218955003FE836 /* Contact Information */,
			);
			path = Contacts;
			sourceTree = "<group>";
		};
		84841A9128283DBF00B69495 /* Stats */ = {
			isa = PBXGroup;
			children = (
				84841A9228283DDD00B69495 /* StatsPlayerView.swift */,
				84841A8D282812CA00B69495 /* StatsPlayerEmptyView.swift */,
				84F114B3282875EB0018E626 /* Cards */,
			);
			path = Stats;
			sourceTree = "<group>";
		};
		84845DFA2812EEA00014E4DA /* Dashboard */ = {
			isa = PBXGroup;
			children = (
				84845E1328133FF50014E4DA /* DashboardOnBoardingView.swift */,
				84845E0828133B2D0014E4DA /* Training */,
				84845E0C28133C100014E4DA /* Match */,
			);
			path = Dashboard;
			sourceTree = "<group>";
		};
		84845E0828133B2D0014E4DA /* Training */ = {
			isa = PBXGroup;
			children = (
				84845DFB2812EF090014E4DA /* MiniTrainingSessionCard.swift */,
				84845DFE2812F8C40014E4DA /* TrainingDashboardCard.swift */,
				84845E1C281347F70014E4DA /* Preparation */,
			);
			path = Training;
			sourceTree = "<group>";
		};
		84845E0C28133C100014E4DA /* Match */ = {
			isa = PBXGroup;
			children = (
				84845E1D28136A9F0014E4DA /* MiniMatchSessionCard.swift */,
				84845E1028133CA70014E4DA /* MatchDashboardCard.swift */,
				84AED8D428199F7400F98A7C /* Preparation */,
			);
			path = Match;
			sourceTree = "<group>";
		};
		84845E1C281347F70014E4DA /* Preparation */ = {
			isa = PBXGroup;
			children = (
				84845E19281347E80014E4DA /* TrainingSessionHeaderCard.swift */,
				84845E162813472D0014E4DA /* TrainingPreparationView.swift */,
				84845E3028159FB50014E4DA /* CancelTrainningView.swift */,
				84845E2F28159F6D0014E4DA /* Object */,
				84AED8C02815B56500F98A7C /* Players */,
			);
			path = Preparation;
			sourceTree = "<group>";
		};
		84845E2F28159F6D0014E4DA /* Object */ = {
			isa = PBXGroup;
			children = (
				84845E232814004E0014E4DA /* ObjectsNeededView.swift */,
				84845E262814033B0014E4DA /* ObjectCard.swift */,
			);
			path = Object;
			sourceTree = "<group>";
		};
		84AD59F82821B5C3007EACDE /* Team */ = {
			isa = PBXGroup;
			children = (
				84AD5A1828255E83007EACDE /* TeamPrincipalView.swift */,
				84841A8F282817BF00B69495 /* TeamInformationView.swift */,
				84AD5A1A282571DE007EACDE /* ListPlayersView.swift */,
				84AD5A1C28258097007EACDE /* Player */,
				8408328728296D9A00DCE47E /* Events */,
				846F734A282FC08200FF3FB5 /* Stats */,
			);
			path = Team;
			sourceTree = "<group>";
		};
		84AD59FB2821C4D8007EACDE /* Menu */ = {
			isa = PBXGroup;
			children = (
				84AD59FE2821C6A3007EACDE /* MenuView.swift */,
				84AD59FC2821C4FB007EACDE /* MenuEntries.swift */,
				84AD5A002821C6EE007EACDE /* MenuButton.swift */,
				84AD5A022821CD32007EACDE /* MenuControllerView.swift */,
			);
			path = Menu;
			sourceTree = "<group>";
		};
		84AD5A042822900E007EACDE /* Settings */ = {
			isa = PBXGroup;
			children = (
				84AD5A05282290F9007EACDE /* SettingsView.swift */,
				84AD5A0F2822E01A007EACDE /* ChangePasswordView.swift */,
				84AD5A112822EBDF007EACDE /* RemoveAccountView.swift */,
			);
			path = Settings;
			sourceTree = "<group>";
		};
		84AD5A0E2822DF9C007EACDE /* Language */ = {
			isa = PBXGroup;
			children = (
				84AD5A0C2822A970007EACDE /* LocationService.swift */,
			);
			path = Language;
			sourceTree = "<group>";
		};
		84AD5A1428240643007EACDE /* Screens */ = {
			isa = PBXGroup;
			children = (
				84359744280363B30013B61B /* Login */,
				84AD59FB2821C4D8007EACDE /* Menu */,
				84653883283BE09F00E4A6AA /* Home */,
				84359745280363C60013B61B /* Coach */,
				84AD59F82821B5C3007EACDE /* Team */,
				84AD5A172825588E007EACDE /* Calendar */,
				846F7335282EC5A000FF3FB5 /* Files */,
				84AD5A042822900E007EACDE /* Settings */,
				841BAE05281084550033EF4C /* CustomViews */,
			);
			path = Screens;
			sourceTree = "<group>";
		};
		84AD5A1528240651007EACDE /* Extensions */ = {
			isa = PBXGroup;
			children = (
				8435973E2802D6480013B61B /* Styles.swift */,
				84845DF42811C7AC0014E4DA /* ExtensionsView.swift */,
				84AD5A0E2822DF9C007EACDE /* Language */,
			);
			path = Extensions;
			sourceTree = "<group>";
		};
		84AD5A1628240731007EACDE /* Model */ = {
			isa = PBXGroup;
			children = (
				84845E2C2814186D0014E4DA /* CoachModel.swift */,
				84AD59F92821B601007EACDE /* TeamModel.swift */,
				84AED8C12815B5DF00F98A7C /* PlayerModel.swift */,
				84845E042812FC720014E4DA /* TrainingModel.swift */,
				84845E0928133B5D0014E4DA /* MatchModel.swift */,
				84845E292814039E0014E4DA /* ObjectsModel.swift */,
				8481AF06282046DE00D59063 /* ContactModel.swift */,
				84841A8B282811C000B69495 /* StatsModel.swift */,
				846F7338282ECB0700FF3FB5 /* FilesModel.swift */,
				8462B9802845340900AEF1B0 /* DateValue.swift */,
			);
			path = Model;
			sourceTree = "<group>";
		};
		84AD5A172825588E007EACDE /* Calendar */ = {
			isa = PBXGroup;
			children = (
				8462B97C28452E3200AEF1B0 /* CalendarView.swift */,
				8462B97E28452E8400AEF1B0 /* CustomCalendarPicker.swift */,
				8462B9862846254300AEF1B0 /* CalendarHeaderView.swift */,
				8462B9822846237900AEF1B0 /* ListEventsCalendarView.swift */,
				8462B9842846244400AEF1B0 /* CustomDayCalendarView.swift */,
			);
			path = Calendar;
			sourceTree = "<group>";
		};
		84AD5A1C28258097007EACDE /* Player */ = {
			isa = PBXGroup;
			children = (
				84AD5A1D282580AE007EACDE /* PlayerInformationView.swift */,
				84AD5A1F28259D01007EACDE /* PersonalDetailView.swift */,
				84841A8928280C0200B69495 /* PlayerTeamDetailView.swift */,
				8408329B282AE40A00DCE47E /* Add Player */,
				84841A9128283DBF00B69495 /* Stats */,
			);
			path = Player;
			sourceTree = "<group>";
		};
		84AED8C02815B56500F98A7C /* Players */ = {
			isa = PBXGroup;
			children = (
				84AED8C52815BA7C00F98A7C /* AssistantPlayersView.swift */,
				84AED8C9281846D500F98A7C /* NonAssistantPlayersView.swift */,
				84AED8CB281848A900F98A7C /* PlayerNonAssistingCard.swift */,
				84AED8CD281892B100F98A7C /* ReasonForNonAttendanceView.swift */,
			);
			path = Players;
			sourceTree = "<group>";
		};
		84AED8D428199F7400F98A7C /* Preparation */ = {
			isa = PBXGroup;
			children = (
				84AED8D528199FEF00F98A7C /* MatchSessionHeaderCard.swift */,
				84AED8D228199F5700F98A7C /* MatchPreparationView.swift */,
				8481AF03281E8D9200D59063 /* EntriesMatchView.swift */,
				84AED8D72819A08300F98A7C /* CancelMatchView.swift */,
			);
			path = Preparation;
			sourceTree = "<group>";
		};
		84F114B3282875EB0018E626 /* Cards */ = {
			isa = PBXGroup;
			children = (
				84841A942828406D00B69495 /* StatsAttendanceCard.swift */,
				84F114B4282875FD0018E626 /* StatsPunctualityCard.swift */,
				8408328328294E9500DCE47E /* StatsBehaviourCard.swift */,
			);
			path = Cards;
			sourceTree = "<group>";
		};
/* End PBXGroup section */

/* Begin PBXNativeTarget section */
		84359702280225F70013B61B /* CoachingBook (iOS) */ = {
			isa = PBXNativeTarget;
			buildConfigurationList = 8435972C280225F80013B61B /* Build configuration list for PBXNativeTarget "CoachingBook (iOS)" */;
			buildPhases = (
				843596FF280225F70013B61B /* Sources */,
				84359700280225F70013B61B /* Frameworks */,
				84359701280225F70013B61B /* Resources */,
			);
			buildRules = (
			);
			dependencies = (
			);
			name = "CoachingBook (iOS)";
			productName = "CoachingBook (iOS)";
			productReference = 84359703280225F80013B61B /* CoachingBook.app */;
			productType = "com.apple.product-type.application";
		};
		84359708280225F80013B61B /* CoachingBook (macOS) */ = {
			isa = PBXNativeTarget;
			buildConfigurationList = 8435972F280225F80013B61B /* Build configuration list for PBXNativeTarget "CoachingBook (macOS)" */;
			buildPhases = (
				84359705280225F80013B61B /* Sources */,
				84359706280225F80013B61B /* Frameworks */,
				84359707280225F80013B61B /* Resources */,
			);
			buildRules = (
			);
			dependencies = (
			);
			name = "CoachingBook (macOS)";
			productName = "CoachingBook (macOS)";
			productReference = 84359709280225F80013B61B /* CoachingBook.app */;
			productType = "com.apple.product-type.application";
		};
		8435970F280225F80013B61B /* Tests iOS */ = {
			isa = PBXNativeTarget;
			buildConfigurationList = 84359732280225F80013B61B /* Build configuration list for PBXNativeTarget "Tests iOS" */;
			buildPhases = (
				8435970C280225F80013B61B /* Sources */,
				8435970D280225F80013B61B /* Frameworks */,
				8435970E280225F80013B61B /* Resources */,
			);
			buildRules = (
			);
			dependencies = (
				84359712280225F80013B61B /* PBXTargetDependency */,
			);
			name = "Tests iOS";
			productName = "Tests iOS";
			productReference = 84359710280225F80013B61B /* Tests iOS.xctest */;
			productType = "com.apple.product-type.bundle.ui-testing";
		};
		8435971B280225F80013B61B /* Tests macOS */ = {
			isa = PBXNativeTarget;
			buildConfigurationList = 84359735280225F80013B61B /* Build configuration list for PBXNativeTarget "Tests macOS" */;
			buildPhases = (
				84359718280225F80013B61B /* Sources */,
				84359719280225F80013B61B /* Frameworks */,
				8435971A280225F80013B61B /* Resources */,
			);
			buildRules = (
			);
			dependencies = (
				8435971E280225F80013B61B /* PBXTargetDependency */,
			);
			name = "Tests macOS";
			productName = "Tests macOS";
			productReference = 8435971C280225F80013B61B /* Tests macOS.xctest */;
			productType = "com.apple.product-type.bundle.ui-testing";
		};
/* End PBXNativeTarget section */

/* Begin PBXProject section */
		843596F7280225F30013B61B /* Project object */ = {
			isa = PBXProject;
			attributes = {
				BuildIndependentTargetsInParallel = 1;
				LastSwiftUpdateCheck = 1320;
				LastUpgradeCheck = 1320;
				TargetAttributes = {
					84359702280225F70013B61B = {
						CreatedOnToolsVersion = 13.2.1;
					};
					84359708280225F80013B61B = {
						CreatedOnToolsVersion = 13.2.1;
					};
					8435970F280225F80013B61B = {
						CreatedOnToolsVersion = 13.2.1;
						TestTargetID = 84359702280225F70013B61B;
					};
					8435971B280225F80013B61B = {
						CreatedOnToolsVersion = 13.2.1;
						TestTargetID = 84359708280225F80013B61B;
					};
				};
			};
			buildConfigurationList = 843596FA280225F30013B61B /* Build configuration list for PBXProject "CoachingBook" */;
			compatibilityVersion = "Xcode 13.0";
			developmentRegion = en;
			hasScannedForEncodings = 0;
			knownRegions = (
				en,
				Base,
				es,
				ca,
			);
			mainGroup = 843596F6280225F30013B61B;
			productRefGroup = 84359704280225F80013B61B /* Products */;
			projectDirPath = "";
			projectRoot = "";
			targets = (
				84359702280225F70013B61B /* CoachingBook (iOS) */,
				84359708280225F80013B61B /* CoachingBook (macOS) */,
				8435970F280225F80013B61B /* Tests iOS */,
				8435971B280225F80013B61B /* Tests macOS */,
			);
		};
/* End PBXProject section */

/* Begin PBXResourcesBuildPhase section */
		84359701280225F70013B61B /* Resources */ = {
			isa = PBXResourcesBuildPhase;
			buildActionMask = 2147483647;
			files = (
				84359728280225F80013B61B /* Assets.xcassets in Resources */,
				84AD5A072822A3AD007EACDE /* Localizable.strings in Resources */,
			);
			runOnlyForDeploymentPostprocessing = 0;
		};
		84359707280225F80013B61B /* Resources */ = {
			isa = PBXResourcesBuildPhase;
			buildActionMask = 2147483647;
			files = (
				84359729280225F80013B61B /* Assets.xcassets in Resources */,
				84AD5A082822A3AD007EACDE /* Localizable.strings in Resources */,
			);
			runOnlyForDeploymentPostprocessing = 0;
		};
		8435970E280225F80013B61B /* Resources */ = {
			isa = PBXResourcesBuildPhase;
			buildActionMask = 2147483647;
			files = (
			);
			runOnlyForDeploymentPostprocessing = 0;
		};
		8435971A280225F80013B61B /* Resources */ = {
			isa = PBXResourcesBuildPhase;
			buildActionMask = 2147483647;
			files = (
			);
			runOnlyForDeploymentPostprocessing = 0;
		};
/* End PBXResourcesBuildPhase section */

/* Begin PBXSourcesBuildPhase section */
		843596FF280225F70013B61B /* Sources */ = {
			isa = PBXSourcesBuildPhase;
			buildActionMask = 2147483647;
			files = (
				84845E2D2814186E0014E4DA /* CoachModel.swift in Sources */,
				84AD5A032821CD32007EACDE /* MenuControllerView.swift in Sources */,
				84F114B5282875FD0018E626 /* StatsPunctualityCard.swift in Sources */,
				846F733F282ED06A00FF3FB5 /* ImagesListView.swift in Sources */,
				84AED8C62815BA7C00F98A7C /* AssistantPlayersView.swift in Sources */,
				84841A8C282811C000B69495 /* StatsModel.swift in Sources */,
				84359747280363DD0013B61B /* CoachCard.swift in Sources */,
				8462B975283D7A0300AEF1B0 /* GivePunctualityView.swift in Sources */,
				846F7339282ECB0700FF3FB5 /* FilesModel.swift in Sources */,
				84845DF52811C7AC0014E4DA /* ExtensionsView.swift in Sources */,
				84845E2A2814039E0014E4DA /* ObjectsModel.swift in Sources */,
				846F7349282ED59100FF3FB5 /* CustomPickerFile.swift in Sources */,
				84359726280225F80013B61B /* ContentView.swift in Sources */,
				8462B97F28452E8400AEF1B0 /* CustomCalendarPicker.swift in Sources */,
				840832962829819F00DCE47E /* MatchEventListView.swift in Sources */,
				8462B97D28452E3300AEF1B0 /* CalendarView.swift in Sources */,
				84AED8D328199F5800F98A7C /* MatchPreparationView.swift in Sources */,
				8481AF0D28215CC900D59063 /* SearchBarView.swift in Sources */,
				84841A9328283DDD00B69495 /* StatsPlayerView.swift in Sources */,
				84AD59FF2821C6A3007EACDE /* MenuView.swift in Sources */,
				84077EE2283D218B00611015 /* PrepareMatchCard.swift in Sources */,
				84841A8A28280C0300B69495 /* PlayerTeamDetailView.swift in Sources */,
				84493C73283BE7D900B3EBF1 /* HomeView.swift in Sources */,
				84083298282ADF0B00DCE47E /* AddPlayerView.swift in Sources */,
				84845E242814004E0014E4DA /* ObjectsNeededView.swift in Sources */,
				846F733B282ECC1800FF3FB5 /* FilesView.swift in Sources */,
				84841A952828406D00B69495 /* StatsAttendanceCard.swift in Sources */,
				846F733D282ECEF600FF3FB5 /* FileRowView.swift in Sources */,
				84AD59F72821A4A0007EACDE /* AddContactView.swift in Sources */,
				8408329228297C1100DCE47E /* TrainingEventListView.swift in Sources */,
				84359724280225F80013B61B /* CoachingBookApp.swift in Sources */,
				84AD5A1B282571DE007EACDE /* ListPlayersView.swift in Sources */,
				84AD5A012821C6EE007EACDE /* MenuButton.swift in Sources */,
				8462B96A283D6AFC00AEF1B0 /* MiniCardsFeedback.swift in Sources */,
				841BAE032810796B0033EF4C /* CoachInformationView.swift in Sources */,
				8408328B2829731300DCE47E /* EventPicker.swift in Sources */,
				84AED8D82819A08300F98A7C /* CancelMatchView.swift in Sources */,
				8408328D2829738B00DCE47E /* SwitchEventView.swift in Sources */,
				84845E1428133FF50014E4DA /* DashboardOnBoardingView.swift in Sources */,
				84AD5A122822EBDF007EACDE /* RemoveAccountView.swift in Sources */,
				8462B9872846254300AEF1B0 /* CalendarHeaderView.swift in Sources */,
				8462B970283D6D8500AEF1B0 /* FeedbackView.swift in Sources */,
				84841A8E282812CA00B69495 /* StatsPlayerEmptyView.swift in Sources */,
				84845E172813472E0014E4DA /* TrainingPreparationView.swift in Sources */,
				8408328628295A1C00DCE47E /* CircleFillViews.swift in Sources */,
				84845E272814033C0014E4DA /* ObjectCard.swift in Sources */,
				841BAE09281084910033EF4C /* CustomButtons.swift in Sources */,
				84AED8C82818360500F98A7C /* CheckBoxView.swift in Sources */,
				8481AF07282046DF00D59063 /* ContactModel.swift in Sources */,
				8462B979283E945600AEF1B0 /* GiveBehaviourView.swift in Sources */,
				8408329428297F7200DCE47E /* EventMatchCard.swift in Sources */,
				844B6A1C28218926003FE836 /* ContactCard.swift in Sources */,
				84841A90282817BF00B69495 /* TeamInformationView.swift in Sources */,
				84AD5A0D2822A971007EACDE /* LocationService.swift in Sources */,
				84845E1128133CA70014E4DA /* MatchDashboardCard.swift in Sources */,
				84AD59FD2821C4FC007EACDE /* MenuEntries.swift in Sources */,
				84AED8CE281892B200F98A7C /* ReasonForNonAttendanceView.swift in Sources */,
				84AD5A102822E01A007EACDE /* ChangePasswordView.swift in Sources */,
				84845DF8281214650014E4DA /* RadioButtonView.swift in Sources */,
				84845E1E28136A9F0014E4DA /* MiniMatchSessionCard.swift in Sources */,
				84845DFC2812EF0A0014E4DA /* MiniTrainingSessionCard.swift in Sources */,
				8408328928296E6100DCE47E /* EventsListView.swift in Sources */,
				846F7337282EC5BF00FF3FB5 /* TypeOfFileCard.swift in Sources */,
				8481AF04281E8D9200D59063 /* EntriesMatchView.swift in Sources */,
				8462B968283D666300AEF1B0 /* PunctualityFeedbackCard.swift in Sources */,
				84845E0A28133B5D0014E4DA /* MatchModel.swift in Sources */,
				84493C76283BF42A00B3EBF1 /* PrepareTrainingCard.swift in Sources */,
				84845DFF2812F8C40014E4DA /* TrainingDashboardCard.swift in Sources */,
				8462B96C283D6BBD00AEF1B0 /* BehaviourFeedbackCard.swift in Sources */,
				84AD5A1E282580AE007EACDE /* PlayerInformationView.swift in Sources */,
				84AED8CC281848A900F98A7C /* PlayerNonAssistingCard.swift in Sources */,
				84653885283BE2A700E4A6AA /* MiniCardTrainingHome.swift in Sources */,
				846F7342282ED13400FF3FB5 /* DocumentsListView.swift in Sources */,
				8408328428294E9500DCE47E /* StatsBehaviourCard.swift in Sources */,
				844B6A1428217E4E003FE836 /* SwitchContactView.swift in Sources */,
				849D4C8D2835748600B478FA /* TrainingInformationView.swift in Sources */,
				843597422802DFAA0013B61B /* CustomViews.swift in Sources */,
				8462B97B283FD4A000AEF1B0 /* GiveAttitudeView.swift in Sources */,
				84845E052812FC720014E4DA /* TrainingModel.swift in Sources */,
				8408329A282AE2EF00DCE47E /* ProfileAddPlayerView.swift in Sources */,
				8462B9812845340900AEF1B0 /* DateValue.swift in Sources */,
				84AD59FA2821B601007EACDE /* TeamModel.swift in Sources */,
				841BAE072810846B0033EF4C /* DatePickerTextField.swift in Sources */,
				84AD5A222825A121007EACDE /* ViewModifier.swift in Sources */,
				84AED8C22815B5DF00F98A7C /* PlayerModel.swift in Sources */,
				8462B9852846244400AEF1B0 /* CustomDayCalendarView.swift in Sources */,
				84AD5A2028259D02007EACDE /* PersonalDetailView.swift in Sources */,
				84AED8CA281846D500F98A7C /* NonAssistantPlayersView.swift in Sources */,
				846F734E282FF36000FF3FB5 /* GeneralStatsTeamCard.swift in Sources */,
				844B6A1A282188E3003FE836 /* ContactInformationView.swift in Sources */,
				84845E3128159FB50014E4DA /* CancelTrainningView.swift in Sources */,
				846F7344282ED1CB00FF3FB5 /* VideosListView.swift in Sources */,
				8435973C2802D0300013B61B /* LoginView.swift in Sources */,
				844B6A1228217DEB003FE836 /* GeneralContactView.swift in Sources */,
				8462B96E283D6C5D00AEF1B0 /* AttitudeFeedbackCard.swift in Sources */,
				8481AF0F282179B300D59063 /* FavouritesContactsView.swift in Sources */,
				844B6A16282180DE003FE836 /* CustomPickerContacts.swift in Sources */,
				8462B964283D29AA00AEF1B0 /* GetBehaviourCard.swift in Sources */,
				846F734C282FC7D900FF3FB5 /* StatsTeamView.swift in Sources */,
				840832A1282BEF2A00DCE47E /* TeamAddPlayerView.swift in Sources */,
				84AD5A06282290F9007EACDE /* SettingsView.swift in Sources */,
				8435974A280B32E90013B61B /* ProfileCoachView.swift in Sources */,
				8462B9832846237A00AEF1B0 /* ListEventsCalendarView.swift in Sources */,
				846F735428353FB200FF3FB5 /* MatchInformationView.swift in Sources */,
				8481AF0B2820497600D59063 /* ContactsListView.swift in Sources */,
				84AED8D628199FEF00F98A7C /* MatchSessionHeaderCard.swift in Sources */,
				84077EE4283D23E400611015 /* GetAssitanceCard.swift in Sources */,
				846F7347282ED50800FF3FB5 /* SwitchFileView.swift in Sources */,
				8408328F2829762B00DCE47E /* EventTrainingCard.swift in Sources */,
				846F735028311D2700FF3FB5 /* TotalRankingView.swift in Sources */,
				8435973F2802D6480013B61B /* Styles.swift in Sources */,
				84AD5A1928255E83007EACDE /* TeamPrincipalView.swift in Sources */,
				84845E1A281347E80014E4DA /* TrainingSessionHeaderCard.swift in Sources */,
			);
			runOnlyForDeploymentPostprocessing = 0;
		};
		84359705280225F80013B61B /* Sources */ = {
			isa = PBXSourcesBuildPhase;
			buildActionMask = 2147483647;
			files = (
				84359748280363DD0013B61B /* CoachCard.swift in Sources */,
				84359727280225F80013B61B /* ContentView.swift in Sources */,
				84845E1228133CA70014E4DA /* MatchDashboardCard.swift in Sources */,
				84845DF62811C7AC0014E4DA /* ExtensionsView.swift in Sources */,
				84845E2B2814039E0014E4DA /* ObjectsModel.swift in Sources */,
				849D4C8E2835748700B478FA /* TrainingInformationView.swift in Sources */,
				84845E182813472E0014E4DA /* TrainingPreparationView.swift in Sources */,
				84845E002812F8C40014E4DA /* TrainingDashboardCard.swift in Sources */,
				84845E1528133FF50014E4DA /* DashboardOnBoardingView.swift in Sources */,
				84845E062812FC720014E4DA /* TrainingModel.swift in Sources */,
				84845DF9281214650014E4DA /* RadioButtonView.swift in Sources */,
				84845E282814033C0014E4DA /* ObjectCard.swift in Sources */,
				84359725280225F80013B61B /* CoachingBookApp.swift in Sources */,
				84845DFD2812EF0A0014E4DA /* MiniTrainingSessionCard.swift in Sources */,
				84845E1F28136A9F0014E4DA /* MiniMatchSessionCard.swift in Sources */,
				841BAE042810796B0033EF4C /* CoachInformationView.swift in Sources */,
				8435973D2802D0300013B61B /* LoginView.swift in Sources */,
				84845E2E2814186E0014E4DA /* CoachModel.swift in Sources */,
				84845E3228159FB50014E4DA /* CancelTrainningView.swift in Sources */,
				8435974B280B32E90013B61B /* ProfileCoachView.swift in Sources */,
				843597402802D6480013B61B /* Styles.swift in Sources */,
				84845E1B281347E80014E4DA /* TrainingSessionHeaderCard.swift in Sources */,
				84845E252814004F0014E4DA /* ObjectsNeededView.swift in Sources */,
				84845E0B28133B5D0014E4DA /* MatchModel.swift in Sources */,
			);
			runOnlyForDeploymentPostprocessing = 0;
		};
		8435970C280225F80013B61B /* Sources */ = {
			isa = PBXSourcesBuildPhase;
			buildActionMask = 2147483647;
			files = (
				84359717280225F80013B61B /* Tests_iOSLaunchTests.swift in Sources */,
				84359715280225F80013B61B /* Tests_iOS.swift in Sources */,
			);
			runOnlyForDeploymentPostprocessing = 0;
		};
		84359718280225F80013B61B /* Sources */ = {
			isa = PBXSourcesBuildPhase;
			buildActionMask = 2147483647;
			files = (
				84359723280225F80013B61B /* Tests_macOSLaunchTests.swift in Sources */,
				84359721280225F80013B61B /* Tests_macOS.swift in Sources */,
			);
			runOnlyForDeploymentPostprocessing = 0;
		};
/* End PBXSourcesBuildPhase section */

/* Begin PBXTargetDependency section */
		84359712280225F80013B61B /* PBXTargetDependency */ = {
			isa = PBXTargetDependency;
			target = 84359702280225F70013B61B /* CoachingBook (iOS) */;
			targetProxy = 84359711280225F80013B61B /* PBXContainerItemProxy */;
		};
		8435971E280225F80013B61B /* PBXTargetDependency */ = {
			isa = PBXTargetDependency;
			target = 84359708280225F80013B61B /* CoachingBook (macOS) */;
			targetProxy = 8435971D280225F80013B61B /* PBXContainerItemProxy */;
		};
/* End PBXTargetDependency section */

/* Begin PBXVariantGroup section */
		84AD5A0A2822A3AD007EACDE /* Localizable.strings */ = {
			isa = PBXVariantGroup;
			children = (
				84AD5A092822A3AD007EACDE /* en */,
				84AD5A0B2822A426007EACDE /* es */,
				84AD5A1328232556007EACDE /* ca */,
			);
			name = Localizable.strings;
			sourceTree = "<group>";
		};
/* End PBXVariantGroup section */

/* Begin XCBuildConfiguration section */
		8435972A280225F80013B61B /* Debug */ = {
			isa = XCBuildConfiguration;
			buildSettings = {
				ALWAYS_SEARCH_USER_PATHS = NO;
				CLANG_ANALYZER_LOCALIZABILITY_NONLOCALIZED = YES;
				CLANG_ANALYZER_NONNULL = YES;
				CLANG_ANALYZER_NUMBER_OBJECT_CONVERSION = YES_AGGRESSIVE;
				CLANG_CXX_LANGUAGE_STANDARD = "gnu++17";
				CLANG_CXX_LIBRARY = "libc++";
				CLANG_ENABLE_MODULES = YES;
				CLANG_ENABLE_OBJC_ARC = YES;
				CLANG_ENABLE_OBJC_WEAK = YES;
				CLANG_WARN_BLOCK_CAPTURE_AUTORELEASING = YES;
				CLANG_WARN_BOOL_CONVERSION = YES;
				CLANG_WARN_COMMA = YES;
				CLANG_WARN_CONSTANT_CONVERSION = YES;
				CLANG_WARN_DEPRECATED_OBJC_IMPLEMENTATIONS = YES;
				CLANG_WARN_DIRECT_OBJC_ISA_USAGE = YES_ERROR;
				CLANG_WARN_DOCUMENTATION_COMMENTS = YES;
				CLANG_WARN_EMPTY_BODY = YES;
				CLANG_WARN_ENUM_CONVERSION = YES;
				CLANG_WARN_INFINITE_RECURSION = YES;
				CLANG_WARN_INT_CONVERSION = YES;
				CLANG_WARN_NON_LITERAL_NULL_CONVERSION = YES;
				CLANG_WARN_OBJC_IMPLICIT_RETAIN_SELF = YES;
				CLANG_WARN_OBJC_LITERAL_CONVERSION = YES;
				CLANG_WARN_OBJC_ROOT_CLASS = YES_ERROR;
				CLANG_WARN_QUOTED_INCLUDE_IN_FRAMEWORK_HEADER = YES;
				CLANG_WARN_RANGE_LOOP_ANALYSIS = YES;
				CLANG_WARN_STRICT_PROTOTYPES = YES;
				CLANG_WARN_SUSPICIOUS_MOVE = YES;
				CLANG_WARN_UNGUARDED_AVAILABILITY = YES_AGGRESSIVE;
				CLANG_WARN_UNREACHABLE_CODE = YES;
				CLANG_WARN__DUPLICATE_METHOD_MATCH = YES;
				COPY_PHASE_STRIP = NO;
				DEBUG_INFORMATION_FORMAT = dwarf;
				ENABLE_STRICT_OBJC_MSGSEND = YES;
				ENABLE_TESTABILITY = YES;
				GCC_C_LANGUAGE_STANDARD = gnu11;
				GCC_DYNAMIC_NO_PIC = NO;
				GCC_NO_COMMON_BLOCKS = YES;
				GCC_OPTIMIZATION_LEVEL = 0;
				GCC_PREPROCESSOR_DEFINITIONS = (
					"DEBUG=1",
					"$(inherited)",
				);
				GCC_WARN_64_TO_32_BIT_CONVERSION = YES;
				GCC_WARN_ABOUT_RETURN_TYPE = YES_ERROR;
				GCC_WARN_UNDECLARED_SELECTOR = YES;
				GCC_WARN_UNINITIALIZED_AUTOS = YES_AGGRESSIVE;
				GCC_WARN_UNUSED_FUNCTION = YES;
				GCC_WARN_UNUSED_VARIABLE = YES;
				MTL_ENABLE_DEBUG_INFO = INCLUDE_SOURCE;
				MTL_FAST_MATH = YES;
				ONLY_ACTIVE_ARCH = YES;
				SWIFT_ACTIVE_COMPILATION_CONDITIONS = DEBUG;
				SWIFT_OPTIMIZATION_LEVEL = "-Onone";
			};
			name = Debug;
		};
		8435972B280225F80013B61B /* Release */ = {
			isa = XCBuildConfiguration;
			buildSettings = {
				ALWAYS_SEARCH_USER_PATHS = NO;
				CLANG_ANALYZER_LOCALIZABILITY_NONLOCALIZED = YES;
				CLANG_ANALYZER_NONNULL = YES;
				CLANG_ANALYZER_NUMBER_OBJECT_CONVERSION = YES_AGGRESSIVE;
				CLANG_CXX_LANGUAGE_STANDARD = "gnu++17";
				CLANG_CXX_LIBRARY = "libc++";
				CLANG_ENABLE_MODULES = YES;
				CLANG_ENABLE_OBJC_ARC = YES;
				CLANG_ENABLE_OBJC_WEAK = YES;
				CLANG_WARN_BLOCK_CAPTURE_AUTORELEASING = YES;
				CLANG_WARN_BOOL_CONVERSION = YES;
				CLANG_WARN_COMMA = YES;
				CLANG_WARN_CONSTANT_CONVERSION = YES;
				CLANG_WARN_DEPRECATED_OBJC_IMPLEMENTATIONS = YES;
				CLANG_WARN_DIRECT_OBJC_ISA_USAGE = YES_ERROR;
				CLANG_WARN_DOCUMENTATION_COMMENTS = YES;
				CLANG_WARN_EMPTY_BODY = YES;
				CLANG_WARN_ENUM_CONVERSION = YES;
				CLANG_WARN_INFINITE_RECURSION = YES;
				CLANG_WARN_INT_CONVERSION = YES;
				CLANG_WARN_NON_LITERAL_NULL_CONVERSION = YES;
				CLANG_WARN_OBJC_IMPLICIT_RETAIN_SELF = YES;
				CLANG_WARN_OBJC_LITERAL_CONVERSION = YES;
				CLANG_WARN_OBJC_ROOT_CLASS = YES_ERROR;
				CLANG_WARN_QUOTED_INCLUDE_IN_FRAMEWORK_HEADER = YES;
				CLANG_WARN_RANGE_LOOP_ANALYSIS = YES;
				CLANG_WARN_STRICT_PROTOTYPES = YES;
				CLANG_WARN_SUSPICIOUS_MOVE = YES;
				CLANG_WARN_UNGUARDED_AVAILABILITY = YES_AGGRESSIVE;
				CLANG_WARN_UNREACHABLE_CODE = YES;
				CLANG_WARN__DUPLICATE_METHOD_MATCH = YES;
				COPY_PHASE_STRIP = NO;
				DEBUG_INFORMATION_FORMAT = "dwarf-with-dsym";
				ENABLE_NS_ASSERTIONS = NO;
				ENABLE_STRICT_OBJC_MSGSEND = YES;
				GCC_C_LANGUAGE_STANDARD = gnu11;
				GCC_NO_COMMON_BLOCKS = YES;
				GCC_WARN_64_TO_32_BIT_CONVERSION = YES;
				GCC_WARN_ABOUT_RETURN_TYPE = YES_ERROR;
				GCC_WARN_UNDECLARED_SELECTOR = YES;
				GCC_WARN_UNINITIALIZED_AUTOS = YES_AGGRESSIVE;
				GCC_WARN_UNUSED_FUNCTION = YES;
				GCC_WARN_UNUSED_VARIABLE = YES;
				MTL_ENABLE_DEBUG_INFO = NO;
				MTL_FAST_MATH = YES;
				SWIFT_COMPILATION_MODE = wholemodule;
				SWIFT_OPTIMIZATION_LEVEL = "-O";
			};
			name = Release;
		};
		8435972D280225F80013B61B /* Debug */ = {
			isa = XCBuildConfiguration;
			buildSettings = {
				ASSETCATALOG_COMPILER_APPICON_NAME = AppIcon;
				ASSETCATALOG_COMPILER_GLOBAL_ACCENT_COLOR_NAME = AccentColor;
				CODE_SIGN_STYLE = Automatic;
				CURRENT_PROJECT_VERSION = 1;
				DEVELOPMENT_TEAM = N446A369P6;
				ENABLE_PREVIEWS = YES;
				GENERATE_INFOPLIST_FILE = YES;
				INFOPLIST_KEY_UIApplicationSceneManifest_Generation = YES;
				INFOPLIST_KEY_UIApplicationSupportsIndirectInputEvents = YES;
				INFOPLIST_KEY_UILaunchScreen_Generation = YES;
				INFOPLIST_KEY_UISupportedInterfaceOrientations_iPad = "UIInterfaceOrientationPortrait UIInterfaceOrientationPortraitUpsideDown UIInterfaceOrientationLandscapeLeft UIInterfaceOrientationLandscapeRight";
				INFOPLIST_KEY_UISupportedInterfaceOrientations_iPhone = "UIInterfaceOrientationPortrait UIInterfaceOrientationLandscapeLeft UIInterfaceOrientationLandscapeRight";
				IPHONEOS_DEPLOYMENT_TARGET = 15.2;
				LD_RUNPATH_SEARCH_PATHS = (
					"$(inherited)",
					"@executable_path/Frameworks",
				);
				MARKETING_VERSION = 1.0;
				PRODUCT_BUNDLE_IDENTIFIER = TFG.CoachingBook;
				PRODUCT_NAME = CoachingBook;
				SDKROOT = iphoneos;
				SWIFT_EMIT_LOC_STRINGS = YES;
				SWIFT_VERSION = 5.0;
				TARGETED_DEVICE_FAMILY = "1,2";
			};
			name = Debug;
		};
		8435972E280225F80013B61B /* Release */ = {
			isa = XCBuildConfiguration;
			buildSettings = {
				ASSETCATALOG_COMPILER_APPICON_NAME = AppIcon;
				ASSETCATALOG_COMPILER_GLOBAL_ACCENT_COLOR_NAME = AccentColor;
				CODE_SIGN_STYLE = Automatic;
				CURRENT_PROJECT_VERSION = 1;
				DEVELOPMENT_TEAM = N446A369P6;
				ENABLE_PREVIEWS = YES;
				GENERATE_INFOPLIST_FILE = YES;
				INFOPLIST_KEY_UIApplicationSceneManifest_Generation = YES;
				INFOPLIST_KEY_UIApplicationSupportsIndirectInputEvents = YES;
				INFOPLIST_KEY_UILaunchScreen_Generation = YES;
				INFOPLIST_KEY_UISupportedInterfaceOrientations_iPad = "UIInterfaceOrientationPortrait UIInterfaceOrientationPortraitUpsideDown UIInterfaceOrientationLandscapeLeft UIInterfaceOrientationLandscapeRight";
				INFOPLIST_KEY_UISupportedInterfaceOrientations_iPhone = "UIInterfaceOrientationPortrait UIInterfaceOrientationLandscapeLeft UIInterfaceOrientationLandscapeRight";
				IPHONEOS_DEPLOYMENT_TARGET = 15.2;
				LD_RUNPATH_SEARCH_PATHS = (
					"$(inherited)",
					"@executable_path/Frameworks",
				);
				MARKETING_VERSION = 1.0;
				PRODUCT_BUNDLE_IDENTIFIER = TFG.CoachingBook;
				PRODUCT_NAME = CoachingBook;
				SDKROOT = iphoneos;
				SWIFT_EMIT_LOC_STRINGS = YES;
				SWIFT_VERSION = 5.0;
				TARGETED_DEVICE_FAMILY = "1,2";
				VALIDATE_PRODUCT = YES;
			};
			name = Release;
		};
		84359730280225F80013B61B /* Debug */ = {
			isa = XCBuildConfiguration;
			buildSettings = {
				ASSETCATALOG_COMPILER_APPICON_NAME = AppIcon;
				ASSETCATALOG_COMPILER_GLOBAL_ACCENT_COLOR_NAME = AccentColor;
				CODE_SIGN_ENTITLEMENTS = macOS/macOS.entitlements;
				CODE_SIGN_STYLE = Automatic;
				COMBINE_HIDPI_IMAGES = YES;
				CURRENT_PROJECT_VERSION = 1;
				ENABLE_PREVIEWS = YES;
				GENERATE_INFOPLIST_FILE = YES;
				INFOPLIST_KEY_NSHumanReadableCopyright = "";
				LD_RUNPATH_SEARCH_PATHS = (
					"$(inherited)",
					"@executable_path/../Frameworks",
				);
				MACOSX_DEPLOYMENT_TARGET = 11.6;
				MARKETING_VERSION = 1.0;
				PRODUCT_BUNDLE_IDENTIFIER = TFG.CoachingBook;
				PRODUCT_NAME = CoachingBook;
				SDKROOT = macosx;
				SWIFT_EMIT_LOC_STRINGS = YES;
				SWIFT_VERSION = 5.0;
			};
			name = Debug;
		};
		84359731280225F80013B61B /* Release */ = {
			isa = XCBuildConfiguration;
			buildSettings = {
				ASSETCATALOG_COMPILER_APPICON_NAME = AppIcon;
				ASSETCATALOG_COMPILER_GLOBAL_ACCENT_COLOR_NAME = AccentColor;
				CODE_SIGN_ENTITLEMENTS = macOS/macOS.entitlements;
				CODE_SIGN_STYLE = Automatic;
				COMBINE_HIDPI_IMAGES = YES;
				CURRENT_PROJECT_VERSION = 1;
				ENABLE_PREVIEWS = YES;
				GENERATE_INFOPLIST_FILE = YES;
				INFOPLIST_KEY_NSHumanReadableCopyright = "";
				LD_RUNPATH_SEARCH_PATHS = (
					"$(inherited)",
					"@executable_path/../Frameworks",
				);
				MACOSX_DEPLOYMENT_TARGET = 11.6;
				MARKETING_VERSION = 1.0;
				PRODUCT_BUNDLE_IDENTIFIER = TFG.CoachingBook;
				PRODUCT_NAME = CoachingBook;
				SDKROOT = macosx;
				SWIFT_EMIT_LOC_STRINGS = YES;
				SWIFT_VERSION = 5.0;
			};
			name = Release;
		};
		84359733280225F80013B61B /* Debug */ = {
			isa = XCBuildConfiguration;
			buildSettings = {
				ALWAYS_EMBED_SWIFT_STANDARD_LIBRARIES = YES;
				CODE_SIGN_STYLE = Automatic;
				CURRENT_PROJECT_VERSION = 1;
				GENERATE_INFOPLIST_FILE = YES;
				IPHONEOS_DEPLOYMENT_TARGET = 15.2;
				MARKETING_VERSION = 1.0;
				PRODUCT_BUNDLE_IDENTIFIER = "TFG.Tests-iOS";
				PRODUCT_NAME = "$(TARGET_NAME)";
				SDKROOT = iphoneos;
				SWIFT_EMIT_LOC_STRINGS = NO;
				SWIFT_VERSION = 5.0;
				TARGETED_DEVICE_FAMILY = "1,2";
				TEST_TARGET_NAME = "CoachingBook (iOS)";
			};
			name = Debug;
		};
		84359734280225F80013B61B /* Release */ = {
			isa = XCBuildConfiguration;
			buildSettings = {
				ALWAYS_EMBED_SWIFT_STANDARD_LIBRARIES = YES;
				CODE_SIGN_STYLE = Automatic;
				CURRENT_PROJECT_VERSION = 1;
				GENERATE_INFOPLIST_FILE = YES;
				IPHONEOS_DEPLOYMENT_TARGET = 15.2;
				MARKETING_VERSION = 1.0;
				PRODUCT_BUNDLE_IDENTIFIER = "TFG.Tests-iOS";
				PRODUCT_NAME = "$(TARGET_NAME)";
				SDKROOT = iphoneos;
				SWIFT_EMIT_LOC_STRINGS = NO;
				SWIFT_VERSION = 5.0;
				TARGETED_DEVICE_FAMILY = "1,2";
				TEST_TARGET_NAME = "CoachingBook (iOS)";
				VALIDATE_PRODUCT = YES;
			};
			name = Release;
		};
		84359736280225F80013B61B /* Debug */ = {
			isa = XCBuildConfiguration;
			buildSettings = {
				ALWAYS_EMBED_SWIFT_STANDARD_LIBRARIES = YES;
				CODE_SIGN_STYLE = Automatic;
				CURRENT_PROJECT_VERSION = 1;
				GENERATE_INFOPLIST_FILE = YES;
				MACOSX_DEPLOYMENT_TARGET = 11.6;
				MARKETING_VERSION = 1.0;
				PRODUCT_BUNDLE_IDENTIFIER = "TFG.Tests-macOS";
				PRODUCT_NAME = "$(TARGET_NAME)";
				SDKROOT = macosx;
				SWIFT_EMIT_LOC_STRINGS = NO;
				SWIFT_VERSION = 5.0;
				TEST_TARGET_NAME = "CoachingBook (macOS)";
			};
			name = Debug;
		};
		84359737280225F80013B61B /* Release */ = {
			isa = XCBuildConfiguration;
			buildSettings = {
				ALWAYS_EMBED_SWIFT_STANDARD_LIBRARIES = YES;
				CODE_SIGN_STYLE = Automatic;
				CURRENT_PROJECT_VERSION = 1;
				GENERATE_INFOPLIST_FILE = YES;
				MACOSX_DEPLOYMENT_TARGET = 11.6;
				MARKETING_VERSION = 1.0;
				PRODUCT_BUNDLE_IDENTIFIER = "TFG.Tests-macOS";
				PRODUCT_NAME = "$(TARGET_NAME)";
				SDKROOT = macosx;
				SWIFT_EMIT_LOC_STRINGS = NO;
				SWIFT_VERSION = 5.0;
				TEST_TARGET_NAME = "CoachingBook (macOS)";
			};
			name = Release;
		};
/* End XCBuildConfiguration section */

/* Begin XCConfigurationList section */
		843596FA280225F30013B61B /* Build configuration list for PBXProject "CoachingBook" */ = {
			isa = XCConfigurationList;
			buildConfigurations = (
				8435972A280225F80013B61B /* Debug */,
				8435972B280225F80013B61B /* Release */,
			);
			defaultConfigurationIsVisible = 0;
			defaultConfigurationName = Release;
		};
		8435972C280225F80013B61B /* Build configuration list for PBXNativeTarget "CoachingBook (iOS)" */ = {
			isa = XCConfigurationList;
			buildConfigurations = (
				8435972D280225F80013B61B /* Debug */,
				8435972E280225F80013B61B /* Release */,
			);
			defaultConfigurationIsVisible = 0;
			defaultConfigurationName = Release;
		};
		8435972F280225F80013B61B /* Build configuration list for PBXNativeTarget "CoachingBook (macOS)" */ = {
			isa = XCConfigurationList;
			buildConfigurations = (
				84359730280225F80013B61B /* Debug */,
				84359731280225F80013B61B /* Release */,
			);
			defaultConfigurationIsVisible = 0;
			defaultConfigurationName = Release;
		};
		84359732280225F80013B61B /* Build configuration list for PBXNativeTarget "Tests iOS" */ = {
			isa = XCConfigurationList;
			buildConfigurations = (
				84359733280225F80013B61B /* Debug */,
				84359734280225F80013B61B /* Release */,
			);
			defaultConfigurationIsVisible = 0;
			defaultConfigurationName = Release;
		};
		84359735280225F80013B61B /* Build configuration list for PBXNativeTarget "Tests macOS" */ = {
			isa = XCConfigurationList;
			buildConfigurations = (
				84359736280225F80013B61B /* Debug */,
				84359737280225F80013B61B /* Release */,
			);
			defaultConfigurationIsVisible = 0;
			defaultConfigurationName = Release;
		};
/* End XCConfigurationList section */
	};
	rootObject = 843596F7280225F30013B61B /* Project object */;
}
